
Microsoft Visual Studio Solution File, Format Version 12.00
# Visual Studio Version 16
VisualStudioVersion = 16.0.31729.503
MinimumVisualStudioVersion = 10.0.40219.1
Project("{8BC9CEB8-8B4A-11D0-8D11-00A0C91BC942}") = "datagen", "datagen.vcxproj", "{6FED2466-DC1B-456A-8602-1BCF28DD3141}"
EndProject
Project("{8BC9CEB8-8B4A-11D0-8D11-00A0C91BC942}") = "zlib", "..\..\ws\vs16\GizmoBase\zlib\zlib.vcxproj", "{B8E91F65-5E6E-4013-AD6F-DAF3E4319400}"
EndProject
Project("{8BC9CEB8-8B4A-11D0-8D11-00A0C91BC942}") = "minizip", "..\..\ws\vs16\GizmoBase\minizip\minizip.vcxproj", "{C1BB3690-B29C-3392-41CA-B813FA11A1F6}"
EndProject
Project("{8BC9CEB8-8B4A-11D0-8D11-00A0C91BC942}") = "gzBase", "..\..\ws\vs16\GizmoBase\gzBase\gzBase.vcxproj", "{B3DE8DD2-5EF3-4768-96D7-24320E9CD01E}"
EndProject
Global
	GlobalSection(SolutionConfigurationPlatforms) = preSolution
		Debug_API|Win32 = Debug_API|Win32
		Debug_API|x64 = Debug_API|x64
		Debug_lib_s|Win32 = Debug_lib_s|Win32
		Debug_lib_s|x64 = Debug_lib_s|x64
		Debug_lib|Win32 = Debug_lib|Win32
		Debug_lib|x64 = Debug_lib|x64
		Debug_Mem|Win32 = Debug_Mem|Win32
		Debug_Mem|x64 = Debug_Mem|x64
		Debug_NoMem|Win32 = Debug_NoMem|Win32
		Debug_NoMem|x64 = Debug_NoMem|x64
		Debug_Profile|Win32 = Debug_Profile|Win32
		Debug_Profile|x64 = Debug_Profile|x64
		Debug|Win32 = Debug|Win32
		Debug|x64 = Debug|x64
		Release_lib_s_ext|Win32 = Release_lib_s_ext|Win32
		Release_lib_s_ext|x64 = Release_lib_s_ext|x64
		Release_lib_s|Win32 = Release_lib_s|Win32
		Release_lib_s|x64 = Release_lib_s|x64
		Release_lib|Win32 = Release_lib|Win32
		Release_lib|x64 = Release_lib|x64
		Release_profile|Win32 = Release_profile|Win32
		Release_profile|x64 = Release_profile|x64
		Release|Win32 = Release|Win32
		Release|x64 = Release|x64
	EndGlobalSection
	GlobalSection(ProjectConfigurationPlatforms) = postSolution
		{6FED2466-DC1B-456A-8602-1BCF28DD3141}.Debug_API|Win32.ActiveCfg = Debug|Win32
		{6FED2466-DC1B-456A-8602-1BCF28DD3141}.Debug_API|Win32.Build.0 = Debug|Win32
		{6FED2466-DC1B-456A-8602-1BCF28DD3141}.Debug_API|x64.ActiveCfg = Debug|Win32
		{6FED2466-DC1B-456A-8602-1BCF28DD3141}.Debug_lib_s|Win32.ActiveCfg = Debug|Win32
		{6FED2466-DC1B-456A-8602-1BCF28DD3141}.Debug_lib_s|Win32.Build.0 = Debug|Win32
		{6FED2466-DC1B-456A-8602-1BCF28DD3141}.Debug_lib_s|x64.ActiveCfg = Debug|Win32
		{6FED2466-DC1B-456A-8602-1BCF28DD3141}.Debug_lib|Win32.ActiveCfg = Debug|Win32
		{6FED2466-DC1B-456A-8602-1BCF28DD3141}.Debug_lib|Win32.Build.0 = Debug|Win32
		{6FED2466-DC1B-456A-8602-1BCF28DD3141}.Debug_lib|x64.ActiveCfg = Debug|Win32
		{6FED2466-DC1B-456A-8602-1BCF28DD3141}.Debug_Mem|Win32.ActiveCfg = Debug|Win32
		{6FED2466-DC1B-456A-8602-1BCF28DD3141}.Debug_Mem|Win32.Build.0 = Debug|Win32
		{6FED2466-DC1B-456A-8602-1BCF28DD3141}.Debug_Mem|x64.ActiveCfg = Debug|Win32
		{6FED2466-DC1B-456A-8602-1BCF28DD3141}.Debug_NoMem|Win32.ActiveCfg = Debug|Win32
		{6FED2466-DC1B-456A-8602-1BCF28DD3141}.Debug_NoMem|Win32.Build.0 = Debug|Win32
		{6FED2466-DC1B-456A-8602-1BCF28DD3141}.Debug_NoMem|x64.ActiveCfg = Debug|Win32
		{6FED2466-DC1B-456A-8602-1BCF28DD3141}.Debug_Profile|Win32.ActiveCfg = Debug|Win32
		{6FED2466-DC1B-456A-8602-1BCF28DD3141}.Debug_Profile|Win32.Build.0 = Debug|Win32
		{6FED2466-DC1B-456A-8602-1BCF28DD3141}.Debug_Profile|x64.ActiveCfg = Debug|Win32
		{6FED2466-DC1B-456A-8602-1BCF28DD3141}.Debug|Win32.ActiveCfg = Debug|Win32
		{6FED2466-DC1B-456A-8602-1BCF28DD3141}.Debug|Win32.Build.0 = Debug|Win32
		{6FED2466-DC1B-456A-8602-1BCF28DD3141}.Debug|x64.ActiveCfg = Debug|x64
		{6FED2466-DC1B-456A-8602-1BCF28DD3141}.Debug|x64.Build.0 = Debug|x64
		{6FED2466-DC1B-456A-8602-1BCF28DD3141}.Release_lib_s_ext|Win32.ActiveCfg = Release|Win32
		{6FED2466-DC1B-456A-8602-1BCF28DD3141}.Release_lib_s_ext|Win32.Build.0 = Release|Win32
		{6FED2466-DC1B-456A-8602-1BCF28DD3141}.Release_lib_s_ext|x64.ActiveCfg = Release|Win32
		{6FED2466-DC1B-456A-8602-1BCF28DD3141}.Release_lib_s|Win32.ActiveCfg = Release|Win32
		{6FED2466-DC1B-456A-8602-1BCF28DD3141}.Release_lib_s|Win32.Build.0 = Release|Win32
		{6FED2466-DC1B-456A-8602-1BCF28DD3141}.Release_lib_s|x64.ActiveCfg = Release|Win32
		{6FED2466-DC1B-456A-8602-1BCF28DD3141}.Release_lib|Win32.ActiveCfg = Release|Win32
		{6FED2466-DC1B-456A-8602-1BCF28DD3141}.Release_lib|Win32.Build.0 = Release|Win32
		{6FED2466-DC1B-456A-8602-1BCF28DD3141}.Release_lib|x64.ActiveCfg = Release|Win32
		{6FED2466-DC1B-456A-8602-1BCF28DD3141}.Release_profile|Win32.ActiveCfg = Release|Win32
		{6FED2466-DC1B-456A-8602-1BCF28DD3141}.Release_profile|Win32.Build.0 = Release|Win32
		{6FED2466-DC1B-456A-8602-1BCF28DD3141}.Release_profile|x64.ActiveCfg = Release|Win32
		{6FED2466-DC1B-456A-8602-1BCF28DD3141}.Release|Win32.ActiveCfg = Release|Win32
		{6FED2466-DC1B-456A-8602-1BCF28DD3141}.Release|Win32.Build.0 = Release|Win32
		{6FED2466-DC1B-456A-8602-1BCF28DD3141}.Release|x64.ActiveCfg = Release|Win32
		{B8E91F65-5E6E-4013-AD6F-DAF3E4319400}.Debug_API|Win32.ActiveCfg = Debug_API|Win32
		{B8E91F65-5E6E-4013-AD6F-DAF3E4319400}.Debug_API|Win32.Build.0 = Debug_API|Win32
		{B8E91F65-5E6E-4013-AD6F-DAF3E4319400}.Debug_API|x64.ActiveCfg = Debug_API|x64
		{B8E91F65-5E6E-4013-AD6F-DAF3E4319400}.Debug_API|x64.Build.0 = Debug_API|x64
		{B8E91F65-5E6E-4013-AD6F-DAF3E4319400}.Debug_lib_s|Win32.ActiveCfg = Debug_lib_s|Win32
		{B8E91F65-5E6E-4013-AD6F-DAF3E4319400}.Debug_lib_s|Win32.Build.0 = Debug_lib_s|Win32
		{B8E91F65-5E6E-4013-AD6F-DAF3E4319400}.Debug_lib_s|x64.ActiveCfg = Debug_lib_s|x64
		{B8E91F65-5E6E-4013-AD6F-DAF3E4319400}.Debug_lib_s|x64.Build.0 = Debug_lib_s|x64
		{B8E91F65-5E6E-4013-AD6F-DAF3E4319400}.Debug_lib|Win32.ActiveCfg = Debug_lib|Win32
		{B8E91F65-5E6E-4013-AD6F-DAF3E4319400}.Debug_lib|Win32.Build.0 = Debug_lib|Win32
		{B8E91F65-5E6E-4013-AD6F-DAF3E4319400}.Debug_lib|x64.ActiveCfg = Debug_lib|x64
		{B8E91F65-5E6E-4013-AD6F-DAF3E4319400}.Debug_lib|x64.Build.0 = Debug_lib|x64
		{B8E91F65-5E6E-4013-AD6F-DAF3E4319400}.Debug_Mem|Win32.ActiveCfg = Debug_Mem|Win32
		{B8E91F65-5E6E-4013-AD6F-DAF3E4319400}.Debug_Mem|Win32.Build.0 = Debug_Mem|Win32
		{B8E91F65-5E6E-4013-AD6F-DAF3E4319400}.Debug_Mem|x64.ActiveCfg = Debug_Mem|x64
		{B8E91F65-5E6E-4013-AD6F-DAF3E4319400}.Debug_Mem|x64.Build.0 = Debug_Mem|x64
		{B8E91F65-5E6E-4013-AD6F-DAF3E4319400}.Debug_NoMem|Win32.ActiveCfg = Debug_NoMem|Win32
		{B8E91F65-5E6E-4013-AD6F-DAF3E4319400}.Debug_NoMem|Win32.Build.0 = Debug_NoMem|Win32
		{B8E91F65-5E6E-4013-AD6F-DAF3E4319400}.Debug_NoMem|x64.ActiveCfg = Debug_NoMem|x64
		{B8E91F65-5E6E-4013-AD6F-DAF3E4319400}.Debug_NoMem|x64.Build.0 = Debug_NoMem|x64
		{B8E91F65-5E6E-4013-AD6F-DAF3E4319400}.Debug_Profile|Win32.ActiveCfg = Debug_Profile|Win32
		{B8E91F65-5E6E-4013-AD6F-DAF3E4319400}.Debug_Profile|Win32.Build.0 = Debug_Profile|Win32
		{B8E91F65-5E6E-4013-AD6F-DAF3E4319400}.Debug_Profile|x64.ActiveCfg = Debug_Profile|x64
		{B8E91F65-5E6E-4013-AD6F-DAF3E4319400}.Debug_Profile|x64.Build.0 = Debug_Profile|x64
		{B8E91F65-5E6E-4013-AD6F-DAF3E4319400}.Debug|Win32.ActiveCfg = Debug|Win32
		{B8E91F65-5E6E-4013-AD6F-DAF3E4319400}.Debug|Win32.Build.0 = Debug|Win32
		{B8E91F65-5E6E-4013-AD6F-DAF3E4319400}.Debug|x64.ActiveCfg = Debug|x64
		{B8E91F65-5E6E-4013-AD6F-DAF3E4319400}.Debug|x64.Build.0 = Debug|x64
		{B8E91F65-5E6E-4013-AD6F-DAF3E4319400}.Release_lib_s_ext|Win32.ActiveCfg = Release_lib_s_ext|Win32
		{B8E91F65-5E6E-4013-AD6F-DAF3E4319400}.Release_lib_s_ext|Win32.Build.0 = Release_lib_s_ext|Win32
		{B8E91F65-5E6E-4013-AD6F-DAF3E4319400}.Release_lib_s_ext|x64.ActiveCfg = Release_lib_s_ext|x64
		{B8E91F65-5E6E-4013-AD6F-DAF3E4319400}.Release_lib_s_ext|x64.Build.0 = Release_lib_s_ext|x64
		{B8E91F65-5E6E-4013-AD6F-DAF3E4319400}.Release_lib_s|Win32.ActiveCfg = Release_lib_s|Win32
		{B8E91F65-5E6E-4013-AD6F-DAF3E4319400}.Release_lib_s|Win32.Build.0 = Release_lib_s|Win32
		{B8E91F65-5E6E-4013-AD6F-DAF3E4319400}.Release_lib_s|x64.ActiveCfg = Release_lib_s|x64
		{B8E91F65-5E6E-4013-AD6F-DAF3E4319400}.Release_lib_s|x64.Build.0 = Release_lib_s|x64
		{B8E91F65-5E6E-4013-AD6F-DAF3E4319400}.Release_lib|Win32.ActiveCfg = Release_lib|Win32
		{B8E91F65-5E6E-4013-AD6F-DAF3E4319400}.Release_lib|Win32.Build.0 = Release_lib|Win32
		{B8E91F65-5E6E-4013-AD6F-DAF3E4319400}.Release_lib|x64.ActiveCfg = Release_lib|x64
		{B8E91F65-5E6E-4013-AD6F-DAF3E4319400}.Release_lib|x64.Build.0 = Release_lib|x64
		{B8E91F65-5E6E-4013-AD6F-DAF3E4319400}.Release_profile|Win32.ActiveCfg = Release_profile|Win32
		{B8E91F65-5E6E-4013-AD6F-DAF3E4319400}.Release_profile|Win32.Build.0 = Release_profile|Win32
		{B8E91F65-5E6E-4013-AD6F-DAF3E4319400}.Release_profile|x64.ActiveCfg = Release_profile|x64
		{B8E91F65-5E6E-4013-AD6F-DAF3E4319400}.Release_profile|x64.Build.0 = Release_profile|x64
		{B8E91F65-5E6E-4013-AD6F-DAF3E4319400}.Release|Win32.ActiveCfg = Release|Win32
		{B8E91F65-5E6E-4013-AD6F-DAF3E4319400}.Release|Win32.Build.0 = Release|Win32
		{B8E91F65-5E6E-4013-AD6F-DAF3E4319400}.Release|x64.ActiveCfg = Release|x64
		{B8E91F65-5E6E-4013-AD6F-DAF3E4319400}.Release|x64.Build.0 = Release|x64
		{C1BB3690-B29C-3392-41CA-B813FA11A1F6}.Debug_API|Win32.ActiveCfg = Debug_API|Win32
		{C1BB3690-B29C-3392-41CA-B813FA11A1F6}.Debug_API|Win32.Build.0 = Debug_API|Win32
		{C1BB3690-B29C-3392-41CA-B813FA11A1F6}.Debug_API|x64.ActiveCfg = Debug_API|x64
		{C1BB3690-B29C-3392-41CA-B813FA11A1F6}.Debug_API|x64.Build.0 = Debug_API|x64
		{C1BB3690-B29C-3392-41CA-B813FA11A1F6}.Debug_lib_s|Win32.ActiveCfg = Debug_lib_s|Win32
		{C1BB3690-B29C-3392-41CA-B813FA11A1F6}.Debug_lib_s|Win32.Build.0 = Debug_lib_s|Win32
		{C1BB3690-B29C-3392-41CA-B813FA11A1F6}.Debug_lib_s|x64.ActiveCfg = Debug_lib_s|x64
		{C1BB3690-B29C-3392-41CA-B813FA11A1F6}.Debug_lib_s|x64.Build.0 = Debug_lib_s|x64
		{C1BB3690-B29C-3392-41CA-B813FA11A1F6}.Debug_lib|Win32.ActiveCfg = Debug_lib|Win32
		{C1BB3690-B29C-3392-41CA-B813FA11A1F6}.Debug_lib|Win32.Build.0 = Debug_lib|Win32
		{C1BB3690-B29C-3392-41CA-B813FA11A1F6}.Debug_lib|x64.ActiveCfg = Debug_lib|x64
		{C1BB3690-B29C-3392-41CA-B813FA11A1F6}.Debug_lib|x64.Build.0 = Debug_lib|x64
		{C1BB3690-B29C-3392-41CA-B813FA11A1F6}.Debug_Mem|Win32.ActiveCfg = Debug_Mem|Win32
		{C1BB3690-B29C-3392-41CA-B813FA11A1F6}.Debug_Mem|Win32.Build.0 = Debug_Mem|Win32
		{C1BB3690-B29C-3392-41CA-B813FA11A1F6}.Debug_Mem|x64.ActiveCfg = Debug_Mem|x64
		{C1BB3690-B29C-3392-41CA-B813FA11A1F6}.Debug_Mem|x64.Build.0 = Debug_Mem|x64
		{C1BB3690-B29C-3392-41CA-B813FA11A1F6}.Debug_NoMem|Win32.ActiveCfg = Debug_lib_s|Win32
		{C1BB3690-B29C-3392-41CA-B813FA11A1F6}.Debug_NoMem|Win32.Build.0 = Debug_lib_s|Win32
		{C1BB3690-B29C-3392-41CA-B813FA11A1F6}.Debug_NoMem|x64.ActiveCfg = Debug_lib_s|x64
		{C1BB3690-B29C-3392-41CA-B813FA11A1F6}.Debug_NoMem|x64.Build.0 = Debug_lib_s|x64
		{C1BB3690-B29C-3392-41CA-B813FA11A1F6}.Debug_Profile|Win32.ActiveCfg = Debug_Profile|Win32
		{C1BB3690-B29C-3392-41CA-B813FA11A1F6}.Debug_Profile|Win32.Build.0 = Debug_Profile|Win32
		{C1BB3690-B29C-3392-41CA-B813FA11A1F6}.Debug_Profile|x64.ActiveCfg = Debug_Profile|x64
		{C1BB3690-B29C-3392-41CA-B813FA11A1F6}.Debug_Profile|x64.Build.0 = Debug_Profile|x64
		{C1BB3690-B29C-3392-41CA-B813FA11A1F6}.Debug|Win32.ActiveCfg = Debug|Win32
		{C1BB3690-B29C-3392-41CA-B813FA11A1F6}.Debug|Win32.Build.0 = Debug|Win32
		{C1BB3690-B29C-3392-41CA-B813FA11A1F6}.Debug|x64.ActiveCfg = Debug|x64
		{C1BB3690-B29C-3392-41CA-B813FA11A1F6}.Debug|x64.Build.0 = Debug|x64
		{C1BB3690-B29C-3392-41CA-B813FA11A1F6}.Release_lib_s_ext|Win32.ActiveCfg = Release_lib_s_ext|Win32
		{C1BB3690-B29C-3392-41CA-B813FA11A1F6}.Release_lib_s_ext|Win32.Build.0 = Release_lib_s_ext|Win32
		{C1BB3690-B29C-3392-41CA-B813FA11A1F6}.Release_lib_s_ext|x64.ActiveCfg = Release_lib_s_ext|x64
		{C1BB3690-B29C-3392-41CA-B813FA11A1F6}.Release_lib_s_ext|x64.Build.0 = Release_lib_s_ext|x64
		{C1BB3690-B29C-3392-41CA-B813FA11A1F6}.Release_lib_s|Win32.ActiveCfg = Release_lib_s|Win32
		{C1BB3690-B29C-3392-41CA-B813FA11A1F6}.Release_lib_s|Win32.Build.0 = Release_lib_s|Win32
		{C1BB3690-B29C-3392-41CA-B813FA11A1F6}.Release_lib_s|x64.ActiveCfg = Release_lib_s|x64
		{C1BB3690-B29C-3392-41CA-B813FA11A1F6}.Release_lib_s|x64.Build.0 = Release_lib_s|x64
		{C1BB3690-B29C-3392-41CA-B813FA11A1F6}.Release_lib|Win32.ActiveCfg = Release_lib|Win32
		{C1BB3690-B29C-3392-41CA-B813FA11A1F6}.Release_lib|Win32.Build.0 = Release_lib|Win32
		{C1BB3690-B29C-3392-41CA-B813FA11A1F6}.Release_lib|x64.ActiveCfg = Release_lib|x64
		{C1BB3690-B29C-3392-41CA-B813FA11A1F6}.Release_lib|x64.Build.0 = Release_lib|x64
		{C1BB3690-B29C-3392-41CA-B813FA11A1F6}.Release_profile|Win32.ActiveCfg = Release_profile|Win32
		{C1BB3690-B29C-3392-41CA-B813FA11A1F6}.Release_profile|Win32.Build.0 = Release_profile|Win32
		{C1BB3690-B29C-3392-41CA-B813FA11A1F6}.Release_profile|x64.ActiveCfg = Release_profile|x64
		{C1BB3690-B29C-3392-41CA-B813FA11A1F6}.Release_profile|x64.Build.0 = Release_profile|x64
		{C1BB3690-B29C-3392-41CA-B813FA11A1F6}.Release|Win32.ActiveCfg = Release|Win32
		{C1BB3690-B29C-3392-41CA-B813FA11A1F6}.Release|Win32.Build.0 = Release|Win32
		{C1BB3690-B29C-3392-41CA-B813FA11A1F6}.Release|x64.ActiveCfg = Release|x64
		{C1BB3690-B29C-3392-41CA-B813FA11A1F6}.Release|x64.Build.0 = Release|x64
		{B3DE8DD2-5EF3-4768-96D7-24320E9CD01E}.Debug_API|Win32.ActiveCfg = Debug_API|Win32
		{B3DE8DD2-5EF3-4768-96D7-24320E9CD01E}.Debug_API|Win32.Build.0 = Debug_API|Win32
		{B3DE8DD2-5EF3-4768-96D7-24320E9CD01E}.Debug_API|x64.ActiveCfg = Debug_API|x64
		{B3DE8DD2-5EF3-4768-96D7-24320E9CD01E}.Debug_API|x64.Build.0 = Debug_API|x64
		{B3DE8DD2-5EF3-4768-96D7-24320E9CD01E}.Debug_lib_s|Win32.ActiveCfg = Debug_lib_s|Win32
		{B3DE8DD2-5EF3-4768-96D7-24320E9CD01E}.Debug_lib_s|Win32.Build.0 = Debug_lib_s|Win32
		{B3DE8DD2-5EF3-4768-96D7-24320E9CD01E}.Debug_lib_s|x64.ActiveCfg = Debug_lib_s|x64
		{B3DE8DD2-5EF3-4768-96D7-24320E9CD01E}.Debug_lib_s|x64.Build.0 = Debug_lib_s|x64
		{B3DE8DD2-5EF3-4768-96D7-24320E9CD01E}.Debug_lib|Win32.ActiveCfg = Debug_lib|Win32
		{B3DE8DD2-5EF3-4768-96D7-24320E9CD01E}.Debug_lib|Win32.Build.0 = Debug_lib|Win32
		{B3DE8DD2-5EF3-4768-96D7-24320E9CD01E}.Debug_lib|x64.ActiveCfg = Debug_lib|x64
		{B3DE8DD2-5EF3-4768-96D7-24320E9CD01E}.Debug_lib|x64.Build.0 = Debug_lib|x64
		{B3DE8DD2-5EF3-4768-96D7-24320E9CD01E}.Debug_Mem|Win32.ActiveCfg = Debug_Mem|Win32
		{B3DE8DD2-5EF3-4768-96D7-24320E9CD01E}.Debug_Mem|Win32.Build.0 = Debug_Mem|Win32
		{B3DE8DD2-5EF3-4768-96D7-24320E9CD01E}.Debug_Mem|x64.ActiveCfg = Debug_Mem|x64
		{B3DE8DD2-5EF3-4768-96D7-24320E9CD01E}.Debug_Mem|x64.Build.0 = Debug_Mem|x64
		{B3DE8DD2-5EF3-4768-96D7-24320E9CD01E}.Debug_NoMem|Win32.ActiveCfg = Debug_lib_s|Win32
		{B3DE8DD2-5EF3-4768-96D7-24320E9CD01E}.Debug_NoMem|Win32.Build.0 = Debug_lib_s|Win32
		{B3DE8DD2-5EF3-4768-96D7-24320E9CD01E}.Debug_NoMem|x64.ActiveCfg = Debug_lib_s|x64
		{B3DE8DD2-5EF3-4768-96D7-24320E9CD01E}.Debug_NoMem|x64.Build.0 = Debug_lib_s|x64
		{B3DE8DD2-5EF3-4768-96D7-24320E9CD01E}.Debug_Profile|Win32.ActiveCfg = Debug_Profile|Win32
		{B3DE8DD2-5EF3-4768-96D7-24320E9CD01E}.Debug_Profile|Win32.Build.0 = Debug_Profile|Win32
		{B3DE8DD2-5EF3-4768-96D7-24320E9CD01E}.Debug_Profile|x64.ActiveCfg = Debug_Profile|x64
		{B3DE8DD2-5EF3-4768-96D7-24320E9CD01E}.Debug_Profile|x64.Build.0 = Debug_Profile|x64
		{B3DE8DD2-5EF3-4768-96D7-24320E9CD01E}.Debug|Win32.ActiveCfg = Debug|Win32
		{B3DE8DD2-5EF3-4768-96D7-24320E9CD01E}.Debug|Win32.Build.0 = Debug|Win32
		{B3DE8DD2-5EF3-4768-96D7-24320E9CD01E}.Debug|x64.ActiveCfg = Debug|x64
		{B3DE8DD2-5EF3-4768-96D7-24320E9CD01E}.Debug|x64.Build.0 = Debug|x64
		{B3DE8DD2-5EF3-4768-96D7-24320E9CD01E}.Release_lib_s_ext|Win32.ActiveCfg = Release_lib_s_ext|Win32
		{B3DE8DD2-5EF3-4768-96D7-24320E9CD01E}.Release_lib_s_ext|Win32.Build.0 = Release_lib_s_ext|Win32
		{B3DE8DD2-5EF3-4768-96D7-24320E9CD01E}.Release_lib_s_ext|x64.ActiveCfg = Release_lib_s_ext|x64
		{B3DE8DD2-5EF3-4768-96D7-24320E9CD01E}.Release_lib_s_ext|x64.Build.0 = Release_lib_s_ext|x64
		{B3DE8DD2-5EF3-4768-96D7-24320E9CD01E}.Release_lib_s|Win32.ActiveCfg = Release_lib_s|Win32
		{B3DE8DD2-5EF3-4768-96D7-24320E9CD01E}.Release_lib_s|Win32.Build.0 = Release_lib_s|Win32
		{B3DE8DD2-5EF3-4768-96D7-24320E9CD01E}.Release_lib_s|x64.ActiveCfg = Release_lib_s|x64
		{B3DE8DD2-5EF3-4768-96D7-24320E9CD01E}.Release_lib_s|x64.Build.0 = Release_lib_s|x64
		{B3DE8DD2-5EF3-4768-96D7-24320E9CD01E}.Release_lib|Win32.ActiveCfg = Release_lib|Win32
		{B3DE8DD2-5EF3-4768-96D7-24320E9CD01E}.Release_lib|Win32.Build.0 = Release_lib|Win32
		{B3DE8DD2-5EF3-4768-96D7-24320E9CD01E}.Release_lib|x64.ActiveCfg = Release_lib|x64
		{B3DE8DD2-5EF3-4768-96D7-24320E9CD01E}.Release_lib|x64.Build.0 = Release_lib|x64
		{B3DE8DD2-5EF3-4768-96D7-24320E9CD01E}.Release_profile|Win32.ActiveCfg = Release_profile|Win32
		{B3DE8DD2-5EF3-4768-96D7-24320E9CD01E}.Release_profile|Win32.Build.0 = Release_profile|Win32
		{B3DE8DD2-5EF3-4768-96D7-24320E9CD01E}.Release_profile|x64.ActiveCfg = Release_profile|x64
		{B3DE8DD2-5EF3-4768-96D7-24320E9CD01E}.Release_profile|x64.Build.0 = Release_profile|x64
		{B3DE8DD2-5EF3-4768-96D7-24320E9CD01E}.Release|Win32.ActiveCfg = Release|Win32
		{B3DE8DD2-5EF3-4768-96D7-24320E9CD01E}.Release|Win32.Build.0 = Release|Win32
		{B3DE8DD2-5EF3-4768-96D7-24320E9CD01E}.Release|x64.ActiveCfg = Release|x64
		{B3DE8DD2-5EF3-4768-96D7-24320E9CD01E}.Release|x64.Build.0 = Release|x64
	EndGlobalSection
	GlobalSection(SolutionProperties) = preSolution
		HideSolutionNode = FALSE
	EndGlobalSection
	GlobalSection(ExtensibilityGlobals) = postSolution
		SolutionGuid = {516CC4E9-2388-44FB-900B-B80365832B71}
	EndGlobalSection
	GlobalSection(TeamFoundationVersionControl) = preSolution
		SccNumberOfProjects = 4
		SccEnterpriseProvider = {4CA58AB2-18FA-4F8D-95D4-32DDF27D184C}
		SccTeamFoundationServer = https://devops.saab.se/ts
		SccProjectUniqueName0 = datagen.vcxproj
		SccProjectName0 = .
		SccAuxPath0 = https://devops.saab.se/ts
		SccLocalPath0 = .
		SccProvider0 = {4CA58AB2-18FA-4F8D-95D4-32DDF27D184C}
		SccProjectUniqueName1 = ..\\..\\ws\\vs16\\GizmoBase\\zlib\\zlib.vcxproj
		SccProjectName1 = ../../ws/vs16/GizmoBase/zlib
		SccAuxPath1 = https://devops.saab.se/ts
		SccLocalPath1 = ..\\..\\ws\\vs16\\GizmoBase\\zlib
		SccProvider1 = {4CA58AB2-18FA-4F8D-95D4-32DDF27D184C}
		SccProjectUniqueName2 = ..\\..\\ws\\vs16\\GizmoBase\\minizip\\minizip.vcxproj
		SccProjectName2 = ../../ws/vs16/GizmoBase/minizip
		SccAuxPath2 = https://devops.saab.se/ts
		SccLocalPath2 = ..\\..\\ws\\vs16\\GizmoBase\\minizip
		SccProvider2 = {4CA58AB2-18FA-4F8D-95D4-32DDF27D184C}
		SccProjectUniqueName3 = ..\\..\\ws\\vs16\\GizmoBase\\gzBase\\gzBase.vcxproj
		SccProjectName3 = ../../ws/vs16/GizmoBase/gzBase
		SccAuxPath3 = https://devops.saab.se/ts
		SccLocalPath3 = ..\\..\\ws\\vs16\\GizmoBase\\gzBase
		SccProvider3 = {4CA58AB2-18FA-4F8D-95D4-32DDF27D184C}
	EndGlobalSection
	GlobalSection(DPCodeReviewSolutionGUID) = preSolution
		DPCodeReviewSolutionGUID = {00000000-0000-0000-0000-000000000000}
	EndGlobalSection
EndGlobal
