
Microsoft Visual Studio Solution File, Format Version 12.00
# Visual Studio Version 17
VisualStudioVersion = 17.8.34511.84
MinimumVisualStudioVersion = 10.0.40219.1
Project("{8BC9CEB8-8B4A-11D0-8D11-00A0C91BC942}") = "allocation", "allocation\allocation.vcxproj", "{5C43748D-6AFA-4C70-82B2-CC3A72CAA4F5}"
EndProject
Project("{8BC9CEB8-8B4A-11D0-8D11-00A0C91BC942}") = "chkappend", "chkappend\chkappend.vcxproj", "{C757B279-E577-4CC9-95EE-8120C556CACB}"
EndProject
Project("{2150E333-8FDC-42A3-9474-1A3956D46DE8}") = "Native", "Native", "{8711C9FA-5E08-42A2-9F53-D2F7A2A1FC78}"
EndProject
Project("{8BC9CEB8-8B4A-11D0-8D11-00A0C91BC942}") = "threads", "threads\threads.vcxproj", "{C9CD2232-4AAC-4343-AC1A-13B18517141D}"
EndProject
Project("{2150E333-8FDC-42A3-9474-1A3956D46DE8}") = "Managed", "Managed", "{F1AED4CF-7E4E-47EE-8606-7E0FEFEDC325}"
EndProject
Project("{9A19103F-16F7-4668-BE54-9A1E7A4F7556}") = "initialize", "initialize\initialize.csproj", "{53B61BC8-97C7-40E1-803C-4186A463BC2C}"
EndProject
Project("{2150E333-8FDC-42A3-9474-1A3956D46DE8}") = "Windows", "Windows", "{4AA2192A-4B0C-4254-94B7-963F1A9D38EF}"
EndProject
Project("{2150E333-8FDC-42A3-9474-1A3956D46DE8}") = "Android", "Android", "{FB3B6493-5AEF-48AB-88CD-67700DF099C2}"
EndProject
Project("{8BC9CEB8-8B4A-11D0-8D11-00A0C91BC942}") = "terminal", "terminal\terminal.vcxproj", "{6A025ACA-2B8E-4D66-B3AC-00DC99BE5D6E}"
EndProject
Project("{8BC9CEB8-8B4A-11D0-8D11-00A0C91BC942}") = "serialize", "serialize\serialize.vcxproj", "{1C51AC33-77DB-4C6D-BC65-94A812A7F5B6}"
EndProject
Project("{8BC9CEB8-8B4A-11D0-8D11-00A0C91BC942}") = "datagen", "datagen\datagen.vcxproj", "{34EFFDF7-B84B-466F-A73D-56B9B4C8BBBD}"
EndProject
Project("{8BC9CEB8-8B4A-11D0-8D11-00A0C91BC942}") = "syncronize", "syncronize\syncronize.vcxproj", "{432B3C77-FE60-4D24-826B-74DA6EEBF5BF}"
EndProject
Project("{8BC9CEB8-8B4A-11D0-8D11-00A0C91BC942}") = "parser", "parser\parser.vcxproj", "{11D6C2B4-A991-4393-9BD8-C9EFC26788A8}"
EndProject
Project("{8BC9CEB8-8B4A-11D0-8D11-00A0C91BC942}") = "dyndata", "dyndata\dyndata.vcxproj", "{4D5B0FDE-8340-4697-A734-4610CE845D0A}"
EndProject
Project("{8BC9CEB8-8B4A-11D0-8D11-00A0C91BC942}") = "plugin_test", "plugin_test\plugin_test.vcxproj", "{E26324C9-B481-41B1-88BA-315FBDBDD3E1}"
EndProject
Project("{8BC9CEB8-8B4A-11D0-8D11-00A0C91BC942}") = "plugin", "plugin\plugin.vcxproj", "{89B76F35-8B92-49D7-BDFA-6368FB0F3464}"
EndProject
Project("{8BC9CEB8-8B4A-11D0-8D11-00A0C91BC942}") = "object", "object\object.vcxproj", "{93B7127C-75CE-4979-BFAB-9FD078F2CA58}"
EndProject
Project("{8BC9CEB8-8B4A-11D0-8D11-00A0C91BC942}") = "moduleinfo", "moduleinfo\moduleinfo.vcxproj", "{16620DCE-A91D-47A1-B2B8-28B35BB94CB8}"
EndProject
Project("{8BC9CEB8-8B4A-11D0-8D11-00A0C91BC942}") = "pipes", "pipes\pipes.vcxproj", "{42BB6BCB-C5EA-40F0-9910-77716C3AFBF9}"
EndProject
Project("{8BC9CEB8-8B4A-11D0-8D11-00A0C91BC942}") = "gooble", "gooble\gooble.vcxproj", "{EDBFB74F-3E5C-457B-B6D2-5446CD9F5D09}"
EndProject
Global
	GlobalSection(SolutionConfigurationPlatforms) = preSolution
		Debug|x64 = Debug|x64
		Debug|x86 = Debug|x86
		Release_lib_s|x64 = Release_lib_s|x64
		Release_lib_s|x86 = Release_lib_s|x86
		Release|x64 = Release|x64
		Release|x86 = Release|x86
	EndGlobalSection
	GlobalSection(ProjectConfigurationPlatforms) = postSolution
		{5C43748D-6AFA-4C70-82B2-CC3A72CAA4F5}.Debug|x64.ActiveCfg = Debug|x64
		{5C43748D-6AFA-4C70-82B2-CC3A72CAA4F5}.Debug|x64.Build.0 = Debug|x64
		{5C43748D-6AFA-4C70-82B2-CC3A72CAA4F5}.Debug|x86.ActiveCfg = Debug|Win32
		{5C43748D-6AFA-4C70-82B2-CC3A72CAA4F5}.Debug|x86.Build.0 = Debug|Win32
		{5C43748D-6AFA-4C70-82B2-CC3A72CAA4F5}.Release_lib_s|x64.ActiveCfg = Release|x64
		{5C43748D-6AFA-4C70-82B2-CC3A72CAA4F5}.Release_lib_s|x64.Build.0 = Release|x64
		{5C43748D-6AFA-4C70-82B2-CC3A72CAA4F5}.Release_lib_s|x86.ActiveCfg = Release|Win32
		{5C43748D-6AFA-4C70-82B2-CC3A72CAA4F5}.Release_lib_s|x86.Build.0 = Release|Win32
		{5C43748D-6AFA-4C70-82B2-CC3A72CAA4F5}.Release|x64.ActiveCfg = Release|x64
		{5C43748D-6AFA-4C70-82B2-CC3A72CAA4F5}.Release|x64.Build.0 = Release|x64
		{5C43748D-6AFA-4C70-82B2-CC3A72CAA4F5}.Release|x86.ActiveCfg = Release|Win32
		{5C43748D-6AFA-4C70-82B2-CC3A72CAA4F5}.Release|x86.Build.0 = Release|Win32
		{C757B279-E577-4CC9-95EE-8120C556CACB}.Debug|x64.ActiveCfg = Debug|x64
		{C757B279-E577-4CC9-95EE-8120C556CACB}.Debug|x64.Build.0 = Debug|x64
		{C757B279-E577-4CC9-95EE-8120C556CACB}.Debug|x86.ActiveCfg = Debug|Win32
		{C757B279-E577-4CC9-95EE-8120C556CACB}.Debug|x86.Build.0 = Debug|Win32
		{C757B279-E577-4CC9-95EE-8120C556CACB}.Release_lib_s|x64.ActiveCfg = Release|x64
		{C757B279-E577-4CC9-95EE-8120C556CACB}.Release_lib_s|x64.Build.0 = Release|x64
		{C757B279-E577-4CC9-95EE-8120C556CACB}.Release_lib_s|x86.ActiveCfg = Release|Win32
		{C757B279-E577-4CC9-95EE-8120C556CACB}.Release_lib_s|x86.Build.0 = Release|Win32
		{C757B279-E577-4CC9-95EE-8120C556CACB}.Release|x64.ActiveCfg = Release|x64
		{C757B279-E577-4CC9-95EE-8120C556CACB}.Release|x64.Build.0 = Release|x64
		{C757B279-E577-4CC9-95EE-8120C556CACB}.Release|x86.ActiveCfg = Release|Win32
		{C757B279-E577-4CC9-95EE-8120C556CACB}.Release|x86.Build.0 = Release|Win32
		{C9CD2232-4AAC-4343-AC1A-13B18517141D}.Debug|x64.ActiveCfg = Debug|x64
		{C9CD2232-4AAC-4343-AC1A-13B18517141D}.Debug|x64.Build.0 = Debug|x64
		{C9CD2232-4AAC-4343-AC1A-13B18517141D}.Debug|x86.ActiveCfg = Debug|Win32
		{C9CD2232-4AAC-4343-AC1A-13B18517141D}.Debug|x86.Build.0 = Debug|Win32
		{C9CD2232-4AAC-4343-AC1A-13B18517141D}.Release_lib_s|x64.ActiveCfg = Release|x64
		{C9CD2232-4AAC-4343-AC1A-13B18517141D}.Release_lib_s|x64.Build.0 = Release|x64
		{C9CD2232-4AAC-4343-AC1A-13B18517141D}.Release_lib_s|x86.ActiveCfg = Release|Win32
		{C9CD2232-4AAC-4343-AC1A-13B18517141D}.Release_lib_s|x86.Build.0 = Release|Win32
		{C9CD2232-4AAC-4343-AC1A-13B18517141D}.Release|x64.ActiveCfg = Release|x64
		{C9CD2232-4AAC-4343-AC1A-13B18517141D}.Release|x64.Build.0 = Release|x64
		{C9CD2232-4AAC-4343-AC1A-13B18517141D}.Release|x86.ActiveCfg = Release|Win32
		{C9CD2232-4AAC-4343-AC1A-13B18517141D}.Release|x86.Build.0 = Release|Win32
		{53B61BC8-97C7-40E1-803C-4186A463BC2C}.Debug|x64.ActiveCfg = Debug|x64
		{53B61BC8-97C7-40E1-803C-4186A463BC2C}.Debug|x64.Build.0 = Debug|x64
		{53B61BC8-97C7-40E1-803C-4186A463BC2C}.Debug|x86.ActiveCfg = Debug|Any CPU
		{53B61BC8-97C7-40E1-803C-4186A463BC2C}.Debug|x86.Build.0 = Debug|Any CPU
		{53B61BC8-97C7-40E1-803C-4186A463BC2C}.Release_lib_s|x64.ActiveCfg = Release|x64
		{53B61BC8-97C7-40E1-803C-4186A463BC2C}.Release_lib_s|x64.Build.0 = Release|x64
		{53B61BC8-97C7-40E1-803C-4186A463BC2C}.Release_lib_s|x86.ActiveCfg = Release|Any CPU
		{53B61BC8-97C7-40E1-803C-4186A463BC2C}.Release_lib_s|x86.Build.0 = Release|Any CPU
		{53B61BC8-97C7-40E1-803C-4186A463BC2C}.Release|x64.ActiveCfg = Release|x64
		{53B61BC8-97C7-40E1-803C-4186A463BC2C}.Release|x64.Build.0 = Release|x64
		{53B61BC8-97C7-40E1-803C-4186A463BC2C}.Release|x86.ActiveCfg = Release|Any CPU
		{53B61BC8-97C7-40E1-803C-4186A463BC2C}.Release|x86.Build.0 = Release|Any CPU
		{6A025ACA-2B8E-4D66-B3AC-00DC99BE5D6E}.Debug|x64.ActiveCfg = Debug|x64
		{6A025ACA-2B8E-4D66-B3AC-00DC99BE5D6E}.Debug|x64.Build.0 = Debug|x64
		{6A025ACA-2B8E-4D66-B3AC-00DC99BE5D6E}.Debug|x86.ActiveCfg = Debug|Win32
		{6A025ACA-2B8E-4D66-B3AC-00DC99BE5D6E}.Debug|x86.Build.0 = Debug|Win32
		{6A025ACA-2B8E-4D66-B3AC-00DC99BE5D6E}.Release_lib_s|x64.ActiveCfg = Release_lib_s|x64
		{6A025ACA-2B8E-4D66-B3AC-00DC99BE5D6E}.Release_lib_s|x64.Build.0 = Release_lib_s|x64
		{6A025ACA-2B8E-4D66-B3AC-00DC99BE5D6E}.Release_lib_s|x86.ActiveCfg = Release_lib_s|Win32
		{6A025ACA-2B8E-4D66-B3AC-00DC99BE5D6E}.Release_lib_s|x86.Build.0 = Release_lib_s|Win32
		{6A025ACA-2B8E-4D66-B3AC-00DC99BE5D6E}.Release|x64.ActiveCfg = Release|x64
		{6A025ACA-2B8E-4D66-B3AC-00DC99BE5D6E}.Release|x64.Build.0 = Release|x64
		{6A025ACA-2B8E-4D66-B3AC-00DC99BE5D6E}.Release|x86.ActiveCfg = Release|Win32
		{6A025ACA-2B8E-4D66-B3AC-00DC99BE5D6E}.Release|x86.Build.0 = Release|Win32
		{1C51AC33-77DB-4C6D-BC65-94A812A7F5B6}.Debug|x64.ActiveCfg = Debug|x64
		{1C51AC33-77DB-4C6D-BC65-94A812A7F5B6}.Debug|x64.Build.0 = Debug|x64
		{1C51AC33-77DB-4C6D-BC65-94A812A7F5B6}.Debug|x86.ActiveCfg = Debug|Win32
		{1C51AC33-77DB-4C6D-BC65-94A812A7F5B6}.Debug|x86.Build.0 = Debug|Win32
		{1C51AC33-77DB-4C6D-BC65-94A812A7F5B6}.Release_lib_s|x64.ActiveCfg = Release|x64
		{1C51AC33-77DB-4C6D-BC65-94A812A7F5B6}.Release_lib_s|x64.Build.0 = Release|x64
		{1C51AC33-77DB-4C6D-BC65-94A812A7F5B6}.Release_lib_s|x86.ActiveCfg = Release|Win32
		{1C51AC33-77DB-4C6D-BC65-94A812A7F5B6}.Release_lib_s|x86.Build.0 = Release|Win32
		{1C51AC33-77DB-4C6D-BC65-94A812A7F5B6}.Release|x64.ActiveCfg = Release|x64
		{1C51AC33-77DB-4C6D-BC65-94A812A7F5B6}.Release|x64.Build.0 = Release|x64
		{1C51AC33-77DB-4C6D-BC65-94A812A7F5B6}.Release|x86.ActiveCfg = Release|Win32
		{1C51AC33-77DB-4C6D-BC65-94A812A7F5B6}.Release|x86.Build.0 = Release|Win32
		{34EFFDF7-B84B-466F-A73D-56B9B4C8BBBD}.Debug|x64.ActiveCfg = Debug|x64
		{34EFFDF7-B84B-466F-A73D-56B9B4C8BBBD}.Debug|x64.Build.0 = Debug|x64
		{34EFFDF7-B84B-466F-A73D-56B9B4C8BBBD}.Debug|x86.ActiveCfg = Debug|Win32
		{34EFFDF7-B84B-466F-A73D-56B9B4C8BBBD}.Debug|x86.Build.0 = Debug|Win32
		{34EFFDF7-B84B-466F-A73D-56B9B4C8BBBD}.Release_lib_s|x64.ActiveCfg = Release|x64
		{34EFFDF7-B84B-466F-A73D-56B9B4C8BBBD}.Release_lib_s|x64.Build.0 = Release|x64
		{34EFFDF7-B84B-466F-A73D-56B9B4C8BBBD}.Release_lib_s|x86.ActiveCfg = Release|Win32
		{34EFFDF7-B84B-466F-A73D-56B9B4C8BBBD}.Release_lib_s|x86.Build.0 = Release|Win32
		{34EFFDF7-B84B-466F-A73D-56B9B4C8BBBD}.Release|x64.ActiveCfg = Release|x64
		{34EFFDF7-B84B-466F-A73D-56B9B4C8BBBD}.Release|x64.Build.0 = Release|x64
		{34EFFDF7-B84B-466F-A73D-56B9B4C8BBBD}.Release|x86.ActiveCfg = Release|Win32
		{34EFFDF7-B84B-466F-A73D-56B9B4C8BBBD}.Release|x86.Build.0 = Release|Win32
		{432B3C77-FE60-4D24-826B-74DA6EEBF5BF}.Debug|x64.ActiveCfg = Debug|x64
		{432B3C77-FE60-4D24-826B-74DA6EEBF5BF}.Debug|x64.Build.0 = Debug|x64
		{432B3C77-FE60-4D24-826B-74DA6EEBF5BF}.Debug|x86.ActiveCfg = Debug|Win32
		{432B3C77-FE60-4D24-826B-74DA6EEBF5BF}.Debug|x86.Build.0 = Debug|Win32
		{432B3C77-FE60-4D24-826B-74DA6EEBF5BF}.Release_lib_s|x64.ActiveCfg = Release|x64
		{432B3C77-FE60-4D24-826B-74DA6EEBF5BF}.Release_lib_s|x64.Build.0 = Release|x64
		{432B3C77-FE60-4D24-826B-74DA6EEBF5BF}.Release_lib_s|x86.ActiveCfg = Release|Win32
		{432B3C77-FE60-4D24-826B-74DA6EEBF5BF}.Release_lib_s|x86.Build.0 = Release|Win32
		{432B3C77-FE60-4D24-826B-74DA6EEBF5BF}.Release|x64.ActiveCfg = Release|x64
		{432B3C77-FE60-4D24-826B-74DA6EEBF5BF}.Release|x64.Build.0 = Release|x64
		{432B3C77-FE60-4D24-826B-74DA6EEBF5BF}.Release|x86.ActiveCfg = Release|Win32
		{432B3C77-FE60-4D24-826B-74DA6EEBF5BF}.Release|x86.Build.0 = Release|Win32
		{11D6C2B4-A991-4393-9BD8-C9EFC26788A8}.Debug|x64.ActiveCfg = Debug|x64
		{11D6C2B4-A991-4393-9BD8-C9EFC26788A8}.Debug|x64.Build.0 = Debug|x64
		{11D6C2B4-A991-4393-9BD8-C9EFC26788A8}.Debug|x86.ActiveCfg = Debug|Win32
		{11D6C2B4-A991-4393-9BD8-C9EFC26788A8}.Debug|x86.Build.0 = Debug|Win32
		{11D6C2B4-A991-4393-9BD8-C9EFC26788A8}.Release_lib_s|x64.ActiveCfg = Release|x64
		{11D6C2B4-A991-4393-9BD8-C9EFC26788A8}.Release_lib_s|x64.Build.0 = Release|x64
		{11D6C2B4-A991-4393-9BD8-C9EFC26788A8}.Release_lib_s|x86.ActiveCfg = Release|Win32
		{11D6C2B4-A991-4393-9BD8-C9EFC26788A8}.Release_lib_s|x86.Build.0 = Release|Win32
		{11D6C2B4-A991-4393-9BD8-C9EFC26788A8}.Release|x64.ActiveCfg = Release|x64
		{11D6C2B4-A991-4393-9BD8-C9EFC26788A8}.Release|x64.Build.0 = Release|x64
		{11D6C2B4-A991-4393-9BD8-C9EFC26788A8}.Release|x86.ActiveCfg = Release|Win32
		{11D6C2B4-A991-4393-9BD8-C9EFC26788A8}.Release|x86.Build.0 = Release|Win32
		{4D5B0FDE-8340-4697-A734-4610CE845D0A}.Debug|x64.ActiveCfg = Debug|x64
		{4D5B0FDE-8340-4697-A734-4610CE845D0A}.Debug|x64.Build.0 = Debug|x64
		{4D5B0FDE-8340-4697-A734-4610CE845D0A}.Debug|x86.ActiveCfg = Debug|Win32
		{4D5B0FDE-8340-4697-A734-4610CE845D0A}.Debug|x86.Build.0 = Debug|Win32
		{4D5B0FDE-8340-4697-A734-4610CE845D0A}.Release_lib_s|x64.ActiveCfg = Release|x64
		{4D5B0FDE-8340-4697-A734-4610CE845D0A}.Release_lib_s|x64.Build.0 = Release|x64
		{4D5B0FDE-8340-4697-A734-4610CE845D0A}.Release_lib_s|x86.ActiveCfg = Release|Win32
		{4D5B0FDE-8340-4697-A734-4610CE845D0A}.Release_lib_s|x86.Build.0 = Release|Win32
		{4D5B0FDE-8340-4697-A734-4610CE845D0A}.Release|x64.ActiveCfg = Release|x64
		{4D5B0FDE-8340-4697-A734-4610CE845D0A}.Release|x64.Build.0 = Release|x64
		{4D5B0FDE-8340-4697-A734-4610CE845D0A}.Release|x86.ActiveCfg = Release|Win32
		{4D5B0FDE-8340-4697-A734-4610CE845D0A}.Release|x86.Build.0 = Release|Win32
		{E26324C9-B481-41B1-88BA-315FBDBDD3E1}.Debug|x64.ActiveCfg = Debug|x64
		{E26324C9-B481-41B1-88BA-315FBDBDD3E1}.Debug|x64.Build.0 = Debug|x64
		{E26324C9-B481-41B1-88BA-315FBDBDD3E1}.Debug|x86.ActiveCfg = Debug|Win32
		{E26324C9-B481-41B1-88BA-315FBDBDD3E1}.Debug|x86.Build.0 = Debug|Win32
		{E26324C9-B481-41B1-88BA-315FBDBDD3E1}.Release_lib_s|x64.ActiveCfg = Release|x64
		{E26324C9-B481-41B1-88BA-315FBDBDD3E1}.Release_lib_s|x64.Build.0 = Release|x64
		{E26324C9-B481-41B1-88BA-315FBDBDD3E1}.Release_lib_s|x86.ActiveCfg = Release|Win32
		{E26324C9-B481-41B1-88BA-315FBDBDD3E1}.Release_lib_s|x86.Build.0 = Release|Win32
		{E26324C9-B481-41B1-88BA-315FBDBDD3E1}.Release|x64.ActiveCfg = Release|x64
		{E26324C9-B481-41B1-88BA-315FBDBDD3E1}.Release|x64.Build.0 = Release|x64
		{E26324C9-B481-41B1-88BA-315FBDBDD3E1}.Release|x86.ActiveCfg = Release|Win32
		{E26324C9-B481-41B1-88BA-315FBDBDD3E1}.Release|x86.Build.0 = Release|Win32
		{89B76F35-8B92-49D7-BDFA-6368FB0F3464}.Debug|x64.ActiveCfg = Debug|x64
		{89B76F35-8B92-49D7-BDFA-6368FB0F3464}.Debug|x64.Build.0 = Debug|x64
		{89B76F35-8B92-49D7-BDFA-6368FB0F3464}.Debug|x86.ActiveCfg = Debug|Win32
		{89B76F35-8B92-49D7-BDFA-6368FB0F3464}.Debug|x86.Build.0 = Debug|Win32
		{89B76F35-8B92-49D7-BDFA-6368FB0F3464}.Release_lib_s|x64.ActiveCfg = Release|x64
		{89B76F35-8B92-49D7-BDFA-6368FB0F3464}.Release_lib_s|x64.Build.0 = Release|x64
		{89B76F35-8B92-49D7-BDFA-6368FB0F3464}.Release_lib_s|x86.ActiveCfg = Release|Win32
		{89B76F35-8B92-49D7-BDFA-6368FB0F3464}.Release_lib_s|x86.Build.0 = Release|Win32
		{89B76F35-8B92-49D7-BDFA-6368FB0F3464}.Release|x64.ActiveCfg = Release|x64
		{89B76F35-8B92-49D7-BDFA-6368FB0F3464}.Release|x64.Build.0 = Release|x64
		{89B76F35-8B92-49D7-BDFA-6368FB0F3464}.Release|x86.ActiveCfg = Release|Win32
		{89B76F35-8B92-49D7-BDFA-6368FB0F3464}.Release|x86.Build.0 = Release|Win32
		{93B7127C-75CE-4979-BFAB-9FD078F2CA58}.Debug|x64.ActiveCfg = Debug|x64
		{93B7127C-75CE-4979-BFAB-9FD078F2CA58}.Debug|x64.Build.0 = Debug|x64
		{93B7127C-75CE-4979-BFAB-9FD078F2CA58}.Debug|x86.ActiveCfg = Debug|Win32
		{93B7127C-75CE-4979-BFAB-9FD078F2CA58}.Debug|x86.Build.0 = Debug|Win32
		{93B7127C-75CE-4979-BFAB-9FD078F2CA58}.Release_lib_s|x64.ActiveCfg = Release|x64
		{93B7127C-75CE-4979-BFAB-9FD078F2CA58}.Release_lib_s|x64.Build.0 = Release|x64
		{93B7127C-75CE-4979-BFAB-9FD078F2CA58}.Release_lib_s|x86.ActiveCfg = Release|Win32
		{93B7127C-75CE-4979-BFAB-9FD078F2CA58}.Release_lib_s|x86.Build.0 = Release|Win32
		{93B7127C-75CE-4979-BFAB-9FD078F2CA58}.Release|x64.ActiveCfg = Release|x64
		{93B7127C-75CE-4979-BFAB-9FD078F2CA58}.Release|x64.Build.0 = Release|x64
		{93B7127C-75CE-4979-BFAB-9FD078F2CA58}.Release|x86.ActiveCfg = Release|Win32
		{93B7127C-75CE-4979-BFAB-9FD078F2CA58}.Release|x86.Build.0 = Release|Win32
		{16620DCE-A91D-47A1-B2B8-28B35BB94CB8}.Debug|x64.ActiveCfg = Debug|x64
		{16620DCE-A91D-47A1-B2B8-28B35BB94CB8}.Debug|x64.Build.0 = Debug|x64
		{16620DCE-A91D-47A1-B2B8-28B35BB94CB8}.Debug|x86.ActiveCfg = Debug|Win32
		{16620DCE-A91D-47A1-B2B8-28B35BB94CB8}.Debug|x86.Build.0 = Debug|Win32
		{16620DCE-A91D-47A1-B2B8-28B35BB94CB8}.Release_lib_s|x64.ActiveCfg = Release|x64
		{16620DCE-A91D-47A1-B2B8-28B35BB94CB8}.Release_lib_s|x64.Build.0 = Release|x64
		{16620DCE-A91D-47A1-B2B8-28B35BB94CB8}.Release_lib_s|x86.ActiveCfg = Release|Win32
		{16620DCE-A91D-47A1-B2B8-28B35BB94CB8}.Release_lib_s|x86.Build.0 = Release|Win32
		{16620DCE-A91D-47A1-B2B8-28B35BB94CB8}.Release|x64.ActiveCfg = Release|x64
		{16620DCE-A91D-47A1-B2B8-28B35BB94CB8}.Release|x64.Build.0 = Release|x64
		{16620DCE-A91D-47A1-B2B8-28B35BB94CB8}.Release|x86.ActiveCfg = Release|Win32
		{16620DCE-A91D-47A1-B2B8-28B35BB94CB8}.Release|x86.Build.0 = Release|Win32
		{42BB6BCB-C5EA-40F0-9910-77716C3AFBF9}.Debug|x64.ActiveCfg = Debug|x64
		{42BB6BCB-C5EA-40F0-9910-77716C3AFBF9}.Debug|x64.Build.0 = Debug|x64
		{42BB6BCB-C5EA-40F0-9910-77716C3AFBF9}.Debug|x86.ActiveCfg = Debug|Win32
		{42BB6BCB-C5EA-40F0-9910-77716C3AFBF9}.Debug|x86.Build.0 = Debug|Win32
		{42BB6BCB-C5EA-40F0-9910-77716C3AFBF9}.Release_lib_s|x64.ActiveCfg = Release|x64
		{42BB6BCB-C5EA-40F0-9910-77716C3AFBF9}.Release_lib_s|x64.Build.0 = Release|x64
		{42BB6BCB-C5EA-40F0-9910-77716C3AFBF9}.Release_lib_s|x86.ActiveCfg = Release|Win32
		{42BB6BCB-C5EA-40F0-9910-77716C3AFBF9}.Release_lib_s|x86.Build.0 = Release|Win32
		{42BB6BCB-C5EA-40F0-9910-77716C3AFBF9}.Release|x64.ActiveCfg = Release|x64
		{42BB6BCB-C5EA-40F0-9910-77716C3AFBF9}.Release|x64.Build.0 = Release|x64
		{42BB6BCB-C5EA-40F0-9910-77716C3AFBF9}.Release|x86.ActiveCfg = Release|Win32
		{42BB6BCB-C5EA-40F0-9910-77716C3AFBF9}.Release|x86.Build.0 = Release|Win32
		{EDBFB74F-3E5C-457B-B6D2-5446CD9F5D09}.Debug|x64.ActiveCfg = Debug|x64
		{EDBFB74F-3E5C-457B-B6D2-5446CD9F5D09}.Debug|x64.Build.0 = Debug|x64
		{EDBFB74F-3E5C-457B-B6D2-5446CD9F5D09}.Debug|x86.ActiveCfg = Debug|Win32
		{EDBFB74F-3E5C-457B-B6D2-5446CD9F5D09}.Debug|x86.Build.0 = Debug|Win32
		{EDBFB74F-3E5C-457B-B6D2-5446CD9F5D09}.Release_lib_s|x64.ActiveCfg = Release|x64
		{EDBFB74F-3E5C-457B-B6D2-5446CD9F5D09}.Release_lib_s|x64.Build.0 = Release|x64
		{EDBFB74F-3E5C-457B-B6D2-5446CD9F5D09}.Release_lib_s|x86.ActiveCfg = Release|Win32
		{EDBFB74F-3E5C-457B-B6D2-5446CD9F5D09}.Release_lib_s|x86.Build.0 = Release|Win32
		{EDBFB74F-3E5C-457B-B6D2-5446CD9F5D09}.Release|x64.ActiveCfg = Release|x64
		{EDBFB74F-3E5C-457B-B6D2-5446CD9F5D09}.Release|x64.Build.0 = Release|x64
		{EDBFB74F-3E5C-457B-B6D2-5446CD9F5D09}.Release|x86.ActiveCfg = Release|Win32
		{EDBFB74F-3E5C-457B-B6D2-5446CD9F5D09}.Release|x86.Build.0 = Release|Win32
	EndGlobalSection
	GlobalSection(SolutionProperties) = preSolution
		HideSolutionNode = FALSE
	EndGlobalSection
	GlobalSection(NestedProjects) = preSolution
		{5C43748D-6AFA-4C70-82B2-CC3A72CAA4F5} = {8711C9FA-5E08-42A2-9F53-D2F7A2A1FC78}
		{C757B279-E577-4CC9-95EE-8120C556CACB} = {8711C9FA-5E08-42A2-9F53-D2F7A2A1FC78}
		{8711C9FA-5E08-42A2-9F53-D2F7A2A1FC78} = {4AA2192A-4B0C-4254-94B7-963F1A9D38EF}
		{C9CD2232-4AAC-4343-AC1A-13B18517141D} = {8711C9FA-5E08-42A2-9F53-D2F7A2A1FC78}
		{F1AED4CF-7E4E-47EE-8606-7E0FEFEDC325} = {4AA2192A-4B0C-4254-94B7-963F1A9D38EF}
		{53B61BC8-97C7-40E1-803C-4186A463BC2C} = {F1AED4CF-7E4E-47EE-8606-7E0FEFEDC325}
		{6A025ACA-2B8E-4D66-B3AC-00DC99BE5D6E} = {8711C9FA-5E08-42A2-9F53-D2F7A2A1FC78}
		{1C51AC33-77DB-4C6D-BC65-94A812A7F5B6} = {8711C9FA-5E08-42A2-9F53-D2F7A2A1FC78}
		{34EFFDF7-B84B-466F-A73D-56B9B4C8BBBD} = {8711C9FA-5E08-42A2-9F53-D2F7A2A1FC78}
		{432B3C77-FE60-4D24-826B-74DA6EEBF5BF} = {8711C9FA-5E08-42A2-9F53-D2F7A2A1FC78}
		{11D6C2B4-A991-4393-9BD8-C9EFC26788A8} = {8711C9FA-5E08-42A2-9F53-D2F7A2A1FC78}
		{4D5B0FDE-8340-4697-A734-4610CE845D0A} = {8711C9FA-5E08-42A2-9F53-D2F7A2A1FC78}
		{E26324C9-B481-41B1-88BA-315FBDBDD3E1} = {8711C9FA-5E08-42A2-9F53-D2F7A2A1FC78}
		{89B76F35-8B92-49D7-BDFA-6368FB0F3464} = {8711C9FA-5E08-42A2-9F53-D2F7A2A1FC78}
		{93B7127C-75CE-4979-BFAB-9FD078F2CA58} = {8711C9FA-5E08-42A2-9F53-D2F7A2A1FC78}
		{16620DCE-A91D-47A1-B2B8-28B35BB94CB8} = {8711C9FA-5E08-42A2-9F53-D2F7A2A1FC78}
		{42BB6BCB-C5EA-40F0-9910-77716C3AFBF9} = {8711C9FA-5E08-42A2-9F53-D2F7A2A1FC78}
		{EDBFB74F-3E5C-457B-B6D2-5446CD9F5D09} = {8711C9FA-5E08-42A2-9F53-D2F7A2A1FC78}
	EndGlobalSection
	GlobalSection(ExtensibilityGlobals) = postSolution
		SolutionGuid = {1B941250-AFC4-4179-A0FB-BD1FC81AD6F9}
	EndGlobalSection
EndGlobal
