
Microsoft Visual Studio Solution File, Format Version 9.00
# Visual Studio 2005
Project("{8BC9CEB8-8B4A-11D0-8D11-00A0C91BC942}") = "observer", "observer.vcproj", "{71094209-C362-45C8-B5C8-741ECB7C6440}"
EndProject
Global
	GlobalSection(DPCodeReviewSolutionGUID) = preSolution
		DPCodeReviewSolutionGUID = {00000000-0000-0000-0000-000000000000}
	EndGlobalSection
	GlobalSection(SourceCodeControl) = preSolution
		SccNumberOfProjects = 2
		SccProjectName0 = SAK
		SccLocalPath0 = .
		SccProvider0 = MSSCCI:ClearCase
		CanCheckoutShared = true
		SccProjectUniqueName1 = observer.vcproj
		SccLocalPath1 = .
		CanCheckoutShared = true
	EndGlobalSection
	GlobalSection(SolutionConfigurationPlatforms) = preSolution
		Debug|Win32 = Debug|Win32
		Release|Win32 = Release|Win32
	EndGlobalSection
	GlobalSection(ProjectConfigurationPlatforms) = postSolution
		{71094209-C362-45C8-B5C8-741ECB7C6440}.Debug|Win32.ActiveCfg = Debug|Win32
		{71094209-C362-45C8-B5C8-741ECB7C6440}.Debug|Win32.Build.0 = Debug|Win32
		{71094209-C362-45C8-B5C8-741ECB7C6440}.Release|Win32.ActiveCfg = Release|Win32
		{71094209-C362-45C8-B5C8-741ECB7C6440}.Release|Win32.Build.0 = Release|Win32
	EndGlobalSection
	GlobalSection(SolutionProperties) = preSolution
		HideSolutionNode = FALSE
	EndGlobalSection
EndGlobal
