
Microsoft Visual Studio Solution File, Format Version 12.00
# Visual Studio Version 16
VisualStudioVersion = 16.0.33130.400
MinimumVisualStudioVersion = 10.0.40219.1
Project("{8BC9CEB8-8B4A-11D0-8D11-00A0C91BC942}") = "gzConv", "gzConv.vcxproj", "{FA62D437-AF45-4BC6-8F21-9B7D9B4579CF}"
EndProject
Global
	GlobalSection(SolutionConfigurationPlatforms) = preSolution
		Debug|x64 = Debug|x64
		Release|x64 = Release|x64
	EndGlobalSection
	GlobalSection(ProjectConfigurationPlatforms) = postSolution
		{FA62D437-AF45-4BC6-8F21-9B7D9B4579CF}.Debug|x64.ActiveCfg = Debug|x64
		{FA62D437-AF45-4BC6-8F21-9B7D9B4579CF}.Debug|x64.Build.0 = Debug|x64
		{FA62D437-AF45-4BC6-8F21-9B7D9B4579CF}.Release|x64.ActiveCfg = Release|x64
		{FA62D437-AF45-4BC6-8F21-9B7D9B4579CF}.Release|x64.Build.0 = Release|x64
	EndGlobalSection
	GlobalSection(SolutionProperties) = preSolution
		HideSolutionNode = FALSE
	EndGlobalSection
	GlobalSection(ExtensibilityGlobals) = postSolution
		SolutionGuid = {FDE0758F-42FE-40B0-9486-B332AD338E51}
	EndGlobalSection
EndGlobal
