
Microsoft Visual Studio Solution File, Format Version 10.00
# Visual Studio 2008
Project("{8BC9CEB8-8B4A-11D0-8D11-00A0C91BC942}") = "ActiveX", "ActiveX.vcproj", "{C265734F-3E80-447A-AF25-71C2926E466B}"
EndProject
Global
	GlobalSection(DPCodeReviewSolutionGUID) = preSolution
		DPCodeReviewSolutionGUID = {00000000-0000-0000-0000-000000000000}
	EndGlobalSection
	GlobalSection(SourceCodeControl) = preSolution
		SccNumberOfProjects = 2
		SccProjectName0 = ActiveX
		SccLocalPath0 = .
		SccProvider0 = MSSCCI:ClearCase
		CanCheckoutShared = true
		SccProjectUniqueName1 = ActiveX.vcproj
		SccLocalPath1 = .
		CanCheckoutShared = true
	EndGlobalSection
	GlobalSection(SolutionConfigurationPlatforms) = preSolution
		Debug|Win32 = Debug|Win32
		Release|Win32 = Release|Win32
	EndGlobalSection
	GlobalSection(ProjectConfigurationPlatforms) = postSolution
		{C265734F-3E80-447A-AF25-71C2926E466B}.Debug|Win32.ActiveCfg = Debug|Win32
		{C265734F-3E80-447A-AF25-71C2926E466B}.Debug|Win32.Build.0 = Debug|Win32
		{C265734F-3E80-447A-AF25-71C2926E466B}.Release|Win32.ActiveCfg = Release|Win32
		{C265734F-3E80-447A-AF25-71C2926E466B}.Release|Win32.Build.0 = Release|Win32
	EndGlobalSection
	GlobalSection(SolutionProperties) = preSolution
		HideSolutionNode = FALSE
	EndGlobalSection
EndGlobal
