
Microsoft Visual Studio Solution File, Format Version 12.00
# Visual Studio Version 16
VisualStudioVersion = 16.0.30611.23
MinimumVisualStudioVersion = 10.0.40219.1
Project("{8BC9CEB8-8B4A-11D0-8D11-00A0C91BC942}") = "PurlServer", "PurlServer\PurlServer.vcxproj", "{6A025ACA-2B8E-4D66-B3AC-00DC99BE5D6E}"
	ProjectSection(ProjectDependencies) = postProject
		{2D01D41F-0288-4590-8028-91907B89731B} = {2D01D41F-0288-4590-8028-91907B89731B}
		{1A6F6134-F3EE-46C4-BA93-41E7EE6A0759} = {1A6F6134-F3EE-46C4-BA93-41E7EE6A0759}
		{8F001C3F-D4A2-4D0F-9400-167889EE7BC6} = {8F001C3F-D4A2-4D0F-9400-167889EE7BC6}
		{ABB49283-9E46-429D-94CD-157DF0CBF5D7} = {ABB49283-9E46-429D-94CD-157DF0CBF5D7}
	EndProjectSection
EndProject
Project("{8BC9CEB8-8B4A-11D0-8D11-00A0C91BC942}") = "minizip", "..\..\ws\vs16\GizmoBase\minizip\minizip.vcxproj", "{C1BB3690-B29C-3392-41CA-B813FA11A1F6}"
EndProject
Project("{8BC9CEB8-8B4A-11D0-8D11-00A0C91BC942}") = "zlib", "..\..\ws\vs16\GizmoBase\zlib\zlib.vcxproj", "{B8E91F65-5E6E-4013-AD6F-DAF3E4319400}"
EndProject
Project("{8BC9CEB8-8B4A-11D0-8D11-00A0C91BC942}") = "gzBase", "..\..\ws\vs16\GizmoBase\gzBase\gzBase.vcxproj", "{B3DE8DD2-5EF3-4768-96D7-24320E9CD01E}"
EndProject
Project("{2150E333-8FDC-42A3-9474-1A3956D46DE8}") = "GizmoBase", "GizmoBase", "{C5E07844-3C91-49AA-B4E5-2C870C13B2A6}"
EndProject
Project("{2150E333-8FDC-42A3-9474-1A3956D46DE8}") = "Gizmo3D", "Gizmo3D", "{76805098-9291-4A9F-A9CD-3CEE37FE6421}"
EndProject
Project("{2150E333-8FDC-42A3-9474-1A3956D46DE8}") = "Plugins", "Plugins", "{589CE566-E978-475B-BA7D-067F130A5994}"
EndProject
Project("{8BC9CEB8-8B4A-11D0-8D11-00A0C91BC942}") = "gzImage", "..\..\..\Gizmo3D\ws\vs16\Gizmo3D\gzImage\gzImage.vcxproj", "{E9B5E033-06D4-4DCA-8DDD-38618BF9A1EC}"
EndProject
Project("{8BC9CEB8-8B4A-11D0-8D11-00A0C91BC942}") = "gzGraph", "..\..\..\Gizmo3D\ws\vs16\Gizmo3D\gzGraph\gzGraph.vcxproj", "{E2648F09-0196-4B06-880D-FE72EB28D10E}"
EndProject
Project("{8BC9CEB8-8B4A-11D0-8D11-00A0C91BC942}") = "gzDb", "..\..\..\Gizmo3D\ws\vs16\Gizmo3D\gzDb\gzDb.vcxproj", "{63824224-277F-4ADF-B019-D75760971B6C}"
EndProject
Project("{8BC9CEB8-8B4A-11D0-8D11-00A0C91BC942}") = "gzMapBox", "..\..\..\plugins\gzMapBox\ws\vs16\gzMapBox.vcxproj", "{1A6F6134-F3EE-46C4-BA93-41E7EE6A0759}"
EndProject
Project("{8BC9CEB8-8B4A-11D0-8D11-00A0C91BC942}") = "gzCoordinate", "..\..\..\plugins\gzCoordinate\ws\vs16\gzCoordinate\gzCoordinate.vcxproj", "{E3591D36-04AF-43A3-B7A3-4C43B6FDFA1B}"
EndProject
Project("{8BC9CEB8-8B4A-11D0-8D11-00A0C91BC942}") = "gzAltitude", "..\..\..\plugins\gzAltitude\ws\vs16\gzAltitude.vcxproj", "{ABB49283-9E46-429D-94CD-157DF0CBF5D7}"
EndProject
Project("{8BC9CEB8-8B4A-11D0-8D11-00A0C91BC942}") = "gzChat", "..\..\..\plugins\gzChat\ws\vs16\gzChat.vcxproj", "{2D01D41F-0288-4590-8028-91907B89731B}"
EndProject
Project("{8BC9CEB8-8B4A-11D0-8D11-00A0C91BC942}") = "gzDevIL", "..\..\..\plugins\gzDevIL\ws\vs16\gzDevIL.vcxproj", "{8F001C3F-D4A2-4D0F-9400-167889EE7BC6}"
EndProject
Global
	GlobalSection(SolutionConfigurationPlatforms) = preSolution
		Debug_API|x64 = Debug_API|x64
		Debug_API|x86 = Debug_API|x86
		Debug_MEM|x64 = Debug_MEM|x64
		Debug_MEM|x86 = Debug_MEM|x86
		Debug|x64 = Debug|x64
		Debug|x86 = Debug|x86
		Release_lib_s|x64 = Release_lib_s|x64
		Release_lib_s|x86 = Release_lib_s|x86
		Release|x64 = Release|x64
		Release|x86 = Release|x86
	EndGlobalSection
	GlobalSection(ProjectConfigurationPlatforms) = postSolution
		{6A025ACA-2B8E-4D66-B3AC-00DC99BE5D6E}.Debug_API|x64.ActiveCfg = Debug|x64
		{6A025ACA-2B8E-4D66-B3AC-00DC99BE5D6E}.Debug_API|x64.Build.0 = Debug|x64
		{6A025ACA-2B8E-4D66-B3AC-00DC99BE5D6E}.Debug_API|x86.ActiveCfg = Debug|Win32
		{6A025ACA-2B8E-4D66-B3AC-00DC99BE5D6E}.Debug_API|x86.Build.0 = Debug|Win32
		{6A025ACA-2B8E-4D66-B3AC-00DC99BE5D6E}.Debug_MEM|x64.ActiveCfg = Debug|x64
		{6A025ACA-2B8E-4D66-B3AC-00DC99BE5D6E}.Debug_MEM|x64.Build.0 = Debug|x64
		{6A025ACA-2B8E-4D66-B3AC-00DC99BE5D6E}.Debug_MEM|x86.ActiveCfg = Debug|Win32
		{6A025ACA-2B8E-4D66-B3AC-00DC99BE5D6E}.Debug_MEM|x86.Build.0 = Debug|Win32
		{6A025ACA-2B8E-4D66-B3AC-00DC99BE5D6E}.Debug|x64.ActiveCfg = Debug|x64
		{6A025ACA-2B8E-4D66-B3AC-00DC99BE5D6E}.Debug|x64.Build.0 = Debug|x64
		{6A025ACA-2B8E-4D66-B3AC-00DC99BE5D6E}.Debug|x86.ActiveCfg = Debug|Win32
		{6A025ACA-2B8E-4D66-B3AC-00DC99BE5D6E}.Debug|x86.Build.0 = Debug|Win32
		{6A025ACA-2B8E-4D66-B3AC-00DC99BE5D6E}.Release_lib_s|x64.ActiveCfg = Release_lib_s|x64
		{6A025ACA-2B8E-4D66-B3AC-00DC99BE5D6E}.Release_lib_s|x64.Build.0 = Release_lib_s|x64
		{6A025ACA-2B8E-4D66-B3AC-00DC99BE5D6E}.Release_lib_s|x86.ActiveCfg = Release|Win32
		{6A025ACA-2B8E-4D66-B3AC-00DC99BE5D6E}.Release_lib_s|x86.Build.0 = Release|Win32
		{6A025ACA-2B8E-4D66-B3AC-00DC99BE5D6E}.Release|x64.ActiveCfg = Release|x64
		{6A025ACA-2B8E-4D66-B3AC-00DC99BE5D6E}.Release|x64.Build.0 = Release|x64
		{6A025ACA-2B8E-4D66-B3AC-00DC99BE5D6E}.Release|x86.ActiveCfg = Release|Win32
		{6A025ACA-2B8E-4D66-B3AC-00DC99BE5D6E}.Release|x86.Build.0 = Release|Win32
		{C1BB3690-B29C-3392-41CA-B813FA11A1F6}.Debug_API|x64.ActiveCfg = Debug_MEM|x64
		{C1BB3690-B29C-3392-41CA-B813FA11A1F6}.Debug_API|x64.Build.0 = Debug_MEM|x64
		{C1BB3690-B29C-3392-41CA-B813FA11A1F6}.Debug_API|x86.ActiveCfg = Debug_MEM|Win32
		{C1BB3690-B29C-3392-41CA-B813FA11A1F6}.Debug_API|x86.Build.0 = Debug_MEM|Win32
		{C1BB3690-B29C-3392-41CA-B813FA11A1F6}.Debug_MEM|x64.ActiveCfg = Debug_MEM|x64
		{C1BB3690-B29C-3392-41CA-B813FA11A1F6}.Debug_MEM|x64.Build.0 = Debug_MEM|x64
		{C1BB3690-B29C-3392-41CA-B813FA11A1F6}.Debug_MEM|x86.ActiveCfg = Debug_MEM|Win32
		{C1BB3690-B29C-3392-41CA-B813FA11A1F6}.Debug_MEM|x86.Build.0 = Debug_MEM|Win32
		{C1BB3690-B29C-3392-41CA-B813FA11A1F6}.Debug|x64.ActiveCfg = Debug|x64
		{C1BB3690-B29C-3392-41CA-B813FA11A1F6}.Debug|x64.Build.0 = Debug|x64
		{C1BB3690-B29C-3392-41CA-B813FA11A1F6}.Debug|x86.ActiveCfg = Debug|Win32
		{C1BB3690-B29C-3392-41CA-B813FA11A1F6}.Debug|x86.Build.0 = Debug|Win32
		{C1BB3690-B29C-3392-41CA-B813FA11A1F6}.Release_lib_s|x64.ActiveCfg = Release_lib_s|x64
		{C1BB3690-B29C-3392-41CA-B813FA11A1F6}.Release_lib_s|x64.Build.0 = Release_lib_s|x64
		{C1BB3690-B29C-3392-41CA-B813FA11A1F6}.Release_lib_s|x86.ActiveCfg = Release_lib_s|Win32
		{C1BB3690-B29C-3392-41CA-B813FA11A1F6}.Release_lib_s|x86.Build.0 = Release_lib_s|Win32
		{C1BB3690-B29C-3392-41CA-B813FA11A1F6}.Release|x64.ActiveCfg = Release|x64
		{C1BB3690-B29C-3392-41CA-B813FA11A1F6}.Release|x64.Build.0 = Release|x64
		{C1BB3690-B29C-3392-41CA-B813FA11A1F6}.Release|x86.ActiveCfg = Release|Win32
		{C1BB3690-B29C-3392-41CA-B813FA11A1F6}.Release|x86.Build.0 = Release|Win32
		{B8E91F65-5E6E-4013-AD6F-DAF3E4319400}.Debug_API|x64.ActiveCfg = Debug_MEM|x64
		{B8E91F65-5E6E-4013-AD6F-DAF3E4319400}.Debug_API|x64.Build.0 = Debug_MEM|x64
		{B8E91F65-5E6E-4013-AD6F-DAF3E4319400}.Debug_API|x86.ActiveCfg = Debug_MEM|Win32
		{B8E91F65-5E6E-4013-AD6F-DAF3E4319400}.Debug_API|x86.Build.0 = Debug_MEM|Win32
		{B8E91F65-5E6E-4013-AD6F-DAF3E4319400}.Debug_MEM|x64.ActiveCfg = Debug_MEM|x64
		{B8E91F65-5E6E-4013-AD6F-DAF3E4319400}.Debug_MEM|x64.Build.0 = Debug_MEM|x64
		{B8E91F65-5E6E-4013-AD6F-DAF3E4319400}.Debug_MEM|x86.ActiveCfg = Debug_MEM|Win32
		{B8E91F65-5E6E-4013-AD6F-DAF3E4319400}.Debug_MEM|x86.Build.0 = Debug_MEM|Win32
		{B8E91F65-5E6E-4013-AD6F-DAF3E4319400}.Debug|x64.ActiveCfg = Debug|x64
		{B8E91F65-5E6E-4013-AD6F-DAF3E4319400}.Debug|x64.Build.0 = Debug|x64
		{B8E91F65-5E6E-4013-AD6F-DAF3E4319400}.Debug|x86.ActiveCfg = Debug|Win32
		{B8E91F65-5E6E-4013-AD6F-DAF3E4319400}.Debug|x86.Build.0 = Debug|Win32
		{B8E91F65-5E6E-4013-AD6F-DAF3E4319400}.Release_lib_s|x64.ActiveCfg = Release_lib_s|x64
		{B8E91F65-5E6E-4013-AD6F-DAF3E4319400}.Release_lib_s|x64.Build.0 = Release_lib_s|x64
		{B8E91F65-5E6E-4013-AD6F-DAF3E4319400}.Release_lib_s|x86.ActiveCfg = Release_lib_s|Win32
		{B8E91F65-5E6E-4013-AD6F-DAF3E4319400}.Release_lib_s|x86.Build.0 = Release_lib_s|Win32
		{B8E91F65-5E6E-4013-AD6F-DAF3E4319400}.Release|x64.ActiveCfg = Release|x64
		{B8E91F65-5E6E-4013-AD6F-DAF3E4319400}.Release|x64.Build.0 = Release|x64
		{B8E91F65-5E6E-4013-AD6F-DAF3E4319400}.Release|x86.ActiveCfg = Release|Win32
		{B8E91F65-5E6E-4013-AD6F-DAF3E4319400}.Release|x86.Build.0 = Release|Win32
		{B3DE8DD2-5EF3-4768-96D7-24320E9CD01E}.Debug_API|x64.ActiveCfg = Debug_MEM|x64
		{B3DE8DD2-5EF3-4768-96D7-24320E9CD01E}.Debug_API|x64.Build.0 = Debug_MEM|x64
		{B3DE8DD2-5EF3-4768-96D7-24320E9CD01E}.Debug_API|x86.ActiveCfg = Debug_MEM|Win32
		{B3DE8DD2-5EF3-4768-96D7-24320E9CD01E}.Debug_API|x86.Build.0 = Debug_MEM|Win32
		{B3DE8DD2-5EF3-4768-96D7-24320E9CD01E}.Debug_MEM|x64.ActiveCfg = Debug_MEM|x64
		{B3DE8DD2-5EF3-4768-96D7-24320E9CD01E}.Debug_MEM|x64.Build.0 = Debug_MEM|x64
		{B3DE8DD2-5EF3-4768-96D7-24320E9CD01E}.Debug_MEM|x86.ActiveCfg = Debug_MEM|Win32
		{B3DE8DD2-5EF3-4768-96D7-24320E9CD01E}.Debug_MEM|x86.Build.0 = Debug_MEM|Win32
		{B3DE8DD2-5EF3-4768-96D7-24320E9CD01E}.Debug|x64.ActiveCfg = Debug|x64
		{B3DE8DD2-5EF3-4768-96D7-24320E9CD01E}.Debug|x64.Build.0 = Debug|x64
		{B3DE8DD2-5EF3-4768-96D7-24320E9CD01E}.Debug|x86.ActiveCfg = Debug|Win32
		{B3DE8DD2-5EF3-4768-96D7-24320E9CD01E}.Debug|x86.Build.0 = Debug|Win32
		{B3DE8DD2-5EF3-4768-96D7-24320E9CD01E}.Release_lib_s|x64.ActiveCfg = Release_lib_s|x64
		{B3DE8DD2-5EF3-4768-96D7-24320E9CD01E}.Release_lib_s|x64.Build.0 = Release_lib_s|x64
		{B3DE8DD2-5EF3-4768-96D7-24320E9CD01E}.Release_lib_s|x86.ActiveCfg = Release_lib_s|Win32
		{B3DE8DD2-5EF3-4768-96D7-24320E9CD01E}.Release_lib_s|x86.Build.0 = Release_lib_s|Win32
		{B3DE8DD2-5EF3-4768-96D7-24320E9CD01E}.Release|x64.ActiveCfg = Release|x64
		{B3DE8DD2-5EF3-4768-96D7-24320E9CD01E}.Release|x64.Build.0 = Release|x64
		{B3DE8DD2-5EF3-4768-96D7-24320E9CD01E}.Release|x86.ActiveCfg = Release|Win32
		{B3DE8DD2-5EF3-4768-96D7-24320E9CD01E}.Release|x86.Build.0 = Release|Win32
		{E9B5E033-06D4-4DCA-8DDD-38618BF9A1EC}.Debug_API|x64.ActiveCfg = Debug_MEM|x64
		{E9B5E033-06D4-4DCA-8DDD-38618BF9A1EC}.Debug_API|x64.Build.0 = Debug_MEM|x64
		{E9B5E033-06D4-4DCA-8DDD-38618BF9A1EC}.Debug_API|x86.ActiveCfg = Debug_MEM|Win32
		{E9B5E033-06D4-4DCA-8DDD-38618BF9A1EC}.Debug_API|x86.Build.0 = Debug_MEM|Win32
		{E9B5E033-06D4-4DCA-8DDD-38618BF9A1EC}.Debug_MEM|x64.ActiveCfg = Debug_MEM|x64
		{E9B5E033-06D4-4DCA-8DDD-38618BF9A1EC}.Debug_MEM|x64.Build.0 = Debug_MEM|x64
		{E9B5E033-06D4-4DCA-8DDD-38618BF9A1EC}.Debug_MEM|x86.ActiveCfg = Debug_MEM|Win32
		{E9B5E033-06D4-4DCA-8DDD-38618BF9A1EC}.Debug_MEM|x86.Build.0 = Debug_MEM|Win32
		{E9B5E033-06D4-4DCA-8DDD-38618BF9A1EC}.Debug|x64.ActiveCfg = Debug|x64
		{E9B5E033-06D4-4DCA-8DDD-38618BF9A1EC}.Debug|x64.Build.0 = Debug|x64
		{E9B5E033-06D4-4DCA-8DDD-38618BF9A1EC}.Debug|x86.ActiveCfg = Debug|Win32
		{E9B5E033-06D4-4DCA-8DDD-38618BF9A1EC}.Debug|x86.Build.0 = Debug|Win32
		{E9B5E033-06D4-4DCA-8DDD-38618BF9A1EC}.Release_lib_s|x64.ActiveCfg = Release_lib_s|x64
		{E9B5E033-06D4-4DCA-8DDD-38618BF9A1EC}.Release_lib_s|x64.Build.0 = Release_lib_s|x64
		{E9B5E033-06D4-4DCA-8DDD-38618BF9A1EC}.Release_lib_s|x86.ActiveCfg = Release_lib_s|Win32
		{E9B5E033-06D4-4DCA-8DDD-38618BF9A1EC}.Release_lib_s|x86.Build.0 = Release_lib_s|Win32
		{E9B5E033-06D4-4DCA-8DDD-38618BF9A1EC}.Release|x64.ActiveCfg = Release|x64
		{E9B5E033-06D4-4DCA-8DDD-38618BF9A1EC}.Release|x64.Build.0 = Release|x64
		{E9B5E033-06D4-4DCA-8DDD-38618BF9A1EC}.Release|x86.ActiveCfg = Release|Win32
		{E9B5E033-06D4-4DCA-8DDD-38618BF9A1EC}.Release|x86.Build.0 = Release|Win32
		{E2648F09-0196-4B06-880D-FE72EB28D10E}.Debug_API|x64.ActiveCfg = Debug_API|x64
		{E2648F09-0196-4B06-880D-FE72EB28D10E}.Debug_API|x64.Build.0 = Debug_API|x64
		{E2648F09-0196-4B06-880D-FE72EB28D10E}.Debug_API|x86.ActiveCfg = Debug_API|Win32
		{E2648F09-0196-4B06-880D-FE72EB28D10E}.Debug_API|x86.Build.0 = Debug_API|Win32
		{E2648F09-0196-4B06-880D-FE72EB28D10E}.Debug_MEM|x64.ActiveCfg = Debug_MEM|x64
		{E2648F09-0196-4B06-880D-FE72EB28D10E}.Debug_MEM|x64.Build.0 = Debug_MEM|x64
		{E2648F09-0196-4B06-880D-FE72EB28D10E}.Debug_MEM|x86.ActiveCfg = Debug_MEM|Win32
		{E2648F09-0196-4B06-880D-FE72EB28D10E}.Debug_MEM|x86.Build.0 = Debug_MEM|Win32
		{E2648F09-0196-4B06-880D-FE72EB28D10E}.Debug|x64.ActiveCfg = Debug|x64
		{E2648F09-0196-4B06-880D-FE72EB28D10E}.Debug|x64.Build.0 = Debug|x64
		{E2648F09-0196-4B06-880D-FE72EB28D10E}.Debug|x86.ActiveCfg = Debug|Win32
		{E2648F09-0196-4B06-880D-FE72EB28D10E}.Debug|x86.Build.0 = Debug|Win32
		{E2648F09-0196-4B06-880D-FE72EB28D10E}.Release_lib_s|x64.ActiveCfg = Release_lib_s|x64
		{E2648F09-0196-4B06-880D-FE72EB28D10E}.Release_lib_s|x64.Build.0 = Release_lib_s|x64
		{E2648F09-0196-4B06-880D-FE72EB28D10E}.Release_lib_s|x86.ActiveCfg = Release_lib_s|Win32
		{E2648F09-0196-4B06-880D-FE72EB28D10E}.Release_lib_s|x86.Build.0 = Release_lib_s|Win32
		{E2648F09-0196-4B06-880D-FE72EB28D10E}.Release|x64.ActiveCfg = Release|x64
		{E2648F09-0196-4B06-880D-FE72EB28D10E}.Release|x64.Build.0 = Release|x64
		{E2648F09-0196-4B06-880D-FE72EB28D10E}.Release|x86.ActiveCfg = Release|Win32
		{E2648F09-0196-4B06-880D-FE72EB28D10E}.Release|x86.Build.0 = Release|Win32
		{63824224-277F-4ADF-B019-D75760971B6C}.Debug_API|x64.ActiveCfg = Debug_MEM|x64
		{63824224-277F-4ADF-B019-D75760971B6C}.Debug_API|x64.Build.0 = Debug_MEM|x64
		{63824224-277F-4ADF-B019-D75760971B6C}.Debug_API|x86.ActiveCfg = Debug_MEM|Win32
		{63824224-277F-4ADF-B019-D75760971B6C}.Debug_API|x86.Build.0 = Debug_MEM|Win32
		{63824224-277F-4ADF-B019-D75760971B6C}.Debug_MEM|x64.ActiveCfg = Debug_MEM|x64
		{63824224-277F-4ADF-B019-D75760971B6C}.Debug_MEM|x64.Build.0 = Debug_MEM|x64
		{63824224-277F-4ADF-B019-D75760971B6C}.Debug_MEM|x86.ActiveCfg = Debug_MEM|Win32
		{63824224-277F-4ADF-B019-D75760971B6C}.Debug_MEM|x86.Build.0 = Debug_MEM|Win32
		{63824224-277F-4ADF-B019-D75760971B6C}.Debug|x64.ActiveCfg = Debug|x64
		{63824224-277F-4ADF-B019-D75760971B6C}.Debug|x64.Build.0 = Debug|x64
		{63824224-277F-4ADF-B019-D75760971B6C}.Debug|x86.ActiveCfg = Debug|Win32
		{63824224-277F-4ADF-B019-D75760971B6C}.Debug|x86.Build.0 = Debug|Win32
		{63824224-277F-4ADF-B019-D75760971B6C}.Release_lib_s|x64.ActiveCfg = Release_lib_s|x64
		{63824224-277F-4ADF-B019-D75760971B6C}.Release_lib_s|x64.Build.0 = Release_lib_s|x64
		{63824224-277F-4ADF-B019-D75760971B6C}.Release_lib_s|x86.ActiveCfg = Release_lib_s|Win32
		{63824224-277F-4ADF-B019-D75760971B6C}.Release_lib_s|x86.Build.0 = Release_lib_s|Win32
		{63824224-277F-4ADF-B019-D75760971B6C}.Release|x64.ActiveCfg = Release|x64
		{63824224-277F-4ADF-B019-D75760971B6C}.Release|x64.Build.0 = Release|x64
		{63824224-277F-4ADF-B019-D75760971B6C}.Release|x86.ActiveCfg = Release|Win32
		{63824224-277F-4ADF-B019-D75760971B6C}.Release|x86.Build.0 = Release|Win32
		{1A6F6134-F3EE-46C4-BA93-41E7EE6A0759}.Debug_API|x64.ActiveCfg = Debug|x64
		{1A6F6134-F3EE-46C4-BA93-41E7EE6A0759}.Debug_API|x64.Build.0 = Debug|x64
		{1A6F6134-F3EE-46C4-BA93-41E7EE6A0759}.Debug_API|x86.ActiveCfg = Debug|Win32
		{1A6F6134-F3EE-46C4-BA93-41E7EE6A0759}.Debug_API|x86.Build.0 = Debug|Win32
		{1A6F6134-F3EE-46C4-BA93-41E7EE6A0759}.Debug_MEM|x64.ActiveCfg = Debug|x64
		{1A6F6134-F3EE-46C4-BA93-41E7EE6A0759}.Debug_MEM|x64.Build.0 = Debug|x64
		{1A6F6134-F3EE-46C4-BA93-41E7EE6A0759}.Debug_MEM|x86.ActiveCfg = Debug|Win32
		{1A6F6134-F3EE-46C4-BA93-41E7EE6A0759}.Debug_MEM|x86.Build.0 = Debug|Win32
		{1A6F6134-F3EE-46C4-BA93-41E7EE6A0759}.Debug|x64.ActiveCfg = Debug|x64
		{1A6F6134-F3EE-46C4-BA93-41E7EE6A0759}.Debug|x64.Build.0 = Debug|x64
		{1A6F6134-F3EE-46C4-BA93-41E7EE6A0759}.Debug|x86.ActiveCfg = Debug|Win32
		{1A6F6134-F3EE-46C4-BA93-41E7EE6A0759}.Debug|x86.Build.0 = Debug|Win32
		{1A6F6134-F3EE-46C4-BA93-41E7EE6A0759}.Release_lib_s|x64.ActiveCfg = Release|x64
		{1A6F6134-F3EE-46C4-BA93-41E7EE6A0759}.Release_lib_s|x64.Build.0 = Release|x64
		{1A6F6134-F3EE-46C4-BA93-41E7EE6A0759}.Release_lib_s|x86.ActiveCfg = Release|Win32
		{1A6F6134-F3EE-46C4-BA93-41E7EE6A0759}.Release_lib_s|x86.Build.0 = Release|Win32
		{1A6F6134-F3EE-46C4-BA93-41E7EE6A0759}.Release|x64.ActiveCfg = Release|x64
		{1A6F6134-F3EE-46C4-BA93-41E7EE6A0759}.Release|x64.Build.0 = Release|x64
		{1A6F6134-F3EE-46C4-BA93-41E7EE6A0759}.Release|x86.ActiveCfg = Release|Win32
		{1A6F6134-F3EE-46C4-BA93-41E7EE6A0759}.Release|x86.Build.0 = Release|Win32
		{E3591D36-04AF-43A3-B7A3-4C43B6FDFA1B}.Debug_API|x64.ActiveCfg = Debug_MEM|x64
		{E3591D36-04AF-43A3-B7A3-4C43B6FDFA1B}.Debug_API|x64.Build.0 = Debug_MEM|x64
		{E3591D36-04AF-43A3-B7A3-4C43B6FDFA1B}.Debug_API|x86.ActiveCfg = Debug_MEM|Win32
		{E3591D36-04AF-43A3-B7A3-4C43B6FDFA1B}.Debug_API|x86.Build.0 = Debug_MEM|Win32
		{E3591D36-04AF-43A3-B7A3-4C43B6FDFA1B}.Debug_MEM|x64.ActiveCfg = Debug_MEM|x64
		{E3591D36-04AF-43A3-B7A3-4C43B6FDFA1B}.Debug_MEM|x64.Build.0 = Debug_MEM|x64
		{E3591D36-04AF-43A3-B7A3-4C43B6FDFA1B}.Debug_MEM|x86.ActiveCfg = Debug_MEM|Win32
		{E3591D36-04AF-43A3-B7A3-4C43B6FDFA1B}.Debug_MEM|x86.Build.0 = Debug_MEM|Win32
		{E3591D36-04AF-43A3-B7A3-4C43B6FDFA1B}.Debug|x64.ActiveCfg = Debug|x64
		{E3591D36-04AF-43A3-B7A3-4C43B6FDFA1B}.Debug|x64.Build.0 = Debug|x64
		{E3591D36-04AF-43A3-B7A3-4C43B6FDFA1B}.Debug|x86.ActiveCfg = Debug|Win32
		{E3591D36-04AF-43A3-B7A3-4C43B6FDFA1B}.Debug|x86.Build.0 = Debug|Win32
		{E3591D36-04AF-43A3-B7A3-4C43B6FDFA1B}.Release_lib_s|x64.ActiveCfg = Release_lib_s|x64
		{E3591D36-04AF-43A3-B7A3-4C43B6FDFA1B}.Release_lib_s|x64.Build.0 = Release_lib_s|x64
		{E3591D36-04AF-43A3-B7A3-4C43B6FDFA1B}.Release_lib_s|x86.ActiveCfg = Release_lib_s|Win32
		{E3591D36-04AF-43A3-B7A3-4C43B6FDFA1B}.Release_lib_s|x86.Build.0 = Release_lib_s|Win32
		{E3591D36-04AF-43A3-B7A3-4C43B6FDFA1B}.Release|x64.ActiveCfg = Release|x64
		{E3591D36-04AF-43A3-B7A3-4C43B6FDFA1B}.Release|x64.Build.0 = Release|x64
		{E3591D36-04AF-43A3-B7A3-4C43B6FDFA1B}.Release|x86.ActiveCfg = Release|Win32
		{E3591D36-04AF-43A3-B7A3-4C43B6FDFA1B}.Release|x86.Build.0 = Release|Win32
		{ABB49283-9E46-429D-94CD-157DF0CBF5D7}.Debug_API|x64.ActiveCfg = Debug|x64
		{ABB49283-9E46-429D-94CD-157DF0CBF5D7}.Debug_API|x64.Build.0 = Debug|x64
		{ABB49283-9E46-429D-94CD-157DF0CBF5D7}.Debug_API|x86.ActiveCfg = Debug|Win32
		{ABB49283-9E46-429D-94CD-157DF0CBF5D7}.Debug_API|x86.Build.0 = Debug|Win32
		{ABB49283-9E46-429D-94CD-157DF0CBF5D7}.Debug_MEM|x64.ActiveCfg = Debug|x64
		{ABB49283-9E46-429D-94CD-157DF0CBF5D7}.Debug_MEM|x64.Build.0 = Debug|x64
		{ABB49283-9E46-429D-94CD-157DF0CBF5D7}.Debug_MEM|x86.ActiveCfg = Debug|Win32
		{ABB49283-9E46-429D-94CD-157DF0CBF5D7}.Debug_MEM|x86.Build.0 = Debug|Win32
		{ABB49283-9E46-429D-94CD-157DF0CBF5D7}.Debug|x64.ActiveCfg = Debug|x64
		{ABB49283-9E46-429D-94CD-157DF0CBF5D7}.Debug|x64.Build.0 = Debug|x64
		{ABB49283-9E46-429D-94CD-157DF0CBF5D7}.Debug|x86.ActiveCfg = Debug|Win32
		{ABB49283-9E46-429D-94CD-157DF0CBF5D7}.Debug|x86.Build.0 = Debug|Win32
		{ABB49283-9E46-429D-94CD-157DF0CBF5D7}.Release_lib_s|x64.ActiveCfg = Release|x64
		{ABB49283-9E46-429D-94CD-157DF0CBF5D7}.Release_lib_s|x64.Build.0 = Release|x64
		{ABB49283-9E46-429D-94CD-157DF0CBF5D7}.Release_lib_s|x86.ActiveCfg = Release|Win32
		{ABB49283-9E46-429D-94CD-157DF0CBF5D7}.Release_lib_s|x86.Build.0 = Release|Win32
		{ABB49283-9E46-429D-94CD-157DF0CBF5D7}.Release|x64.ActiveCfg = Release|x64
		{ABB49283-9E46-429D-94CD-157DF0CBF5D7}.Release|x64.Build.0 = Release|x64
		{ABB49283-9E46-429D-94CD-157DF0CBF5D7}.Release|x86.ActiveCfg = Release|Win32
		{ABB49283-9E46-429D-94CD-157DF0CBF5D7}.Release|x86.Build.0 = Release|Win32
		{2D01D41F-0288-4590-8028-91907B89731B}.Debug_API|x64.ActiveCfg = Debug|x64
		{2D01D41F-0288-4590-8028-91907B89731B}.Debug_API|x64.Build.0 = Debug|x64
		{2D01D41F-0288-4590-8028-91907B89731B}.Debug_API|x86.ActiveCfg = Debug|Win32
		{2D01D41F-0288-4590-8028-91907B89731B}.Debug_API|x86.Build.0 = Debug|Win32
		{2D01D41F-0288-4590-8028-91907B89731B}.Debug_MEM|x64.ActiveCfg = Debug|x64
		{2D01D41F-0288-4590-8028-91907B89731B}.Debug_MEM|x64.Build.0 = Debug|x64
		{2D01D41F-0288-4590-8028-91907B89731B}.Debug_MEM|x86.ActiveCfg = Debug|Win32
		{2D01D41F-0288-4590-8028-91907B89731B}.Debug_MEM|x86.Build.0 = Debug|Win32
		{2D01D41F-0288-4590-8028-91907B89731B}.Debug|x64.ActiveCfg = Debug|x64
		{2D01D41F-0288-4590-8028-91907B89731B}.Debug|x64.Build.0 = Debug|x64
		{2D01D41F-0288-4590-8028-91907B89731B}.Debug|x86.ActiveCfg = Debug|Win32
		{2D01D41F-0288-4590-8028-91907B89731B}.Debug|x86.Build.0 = Debug|Win32
		{2D01D41F-0288-4590-8028-91907B89731B}.Release_lib_s|x64.ActiveCfg = Release|x64
		{2D01D41F-0288-4590-8028-91907B89731B}.Release_lib_s|x64.Build.0 = Release|x64
		{2D01D41F-0288-4590-8028-91907B89731B}.Release_lib_s|x86.ActiveCfg = Release|Win32
		{2D01D41F-0288-4590-8028-91907B89731B}.Release_lib_s|x86.Build.0 = Release|Win32
		{2D01D41F-0288-4590-8028-91907B89731B}.Release|x64.ActiveCfg = Release|x64
		{2D01D41F-0288-4590-8028-91907B89731B}.Release|x64.Build.0 = Release|x64
		{2D01D41F-0288-4590-8028-91907B89731B}.Release|x86.ActiveCfg = Release|Win32
		{2D01D41F-0288-4590-8028-91907B89731B}.Release|x86.Build.0 = Release|Win32
		{8F001C3F-D4A2-4D0F-9400-167889EE7BC6}.Debug_API|x64.ActiveCfg = Debug|x64
		{8F001C3F-D4A2-4D0F-9400-167889EE7BC6}.Debug_API|x64.Build.0 = Debug|x64
		{8F001C3F-D4A2-4D0F-9400-167889EE7BC6}.Debug_API|x86.ActiveCfg = Debug|Win32
		{8F001C3F-D4A2-4D0F-9400-167889EE7BC6}.Debug_API|x86.Build.0 = Debug|Win32
		{8F001C3F-D4A2-4D0F-9400-167889EE7BC6}.Debug_MEM|x64.ActiveCfg = Debug|x64
		{8F001C3F-D4A2-4D0F-9400-167889EE7BC6}.Debug_MEM|x64.Build.0 = Debug|x64
		{8F001C3F-D4A2-4D0F-9400-167889EE7BC6}.Debug_MEM|x86.ActiveCfg = Debug|Win32
		{8F001C3F-D4A2-4D0F-9400-167889EE7BC6}.Debug_MEM|x86.Build.0 = Debug|Win32
		{8F001C3F-D4A2-4D0F-9400-167889EE7BC6}.Debug|x64.ActiveCfg = Debug|x64
		{8F001C3F-D4A2-4D0F-9400-167889EE7BC6}.Debug|x64.Build.0 = Debug|x64
		{8F001C3F-D4A2-4D0F-9400-167889EE7BC6}.Debug|x86.ActiveCfg = Debug|Win32
		{8F001C3F-D4A2-4D0F-9400-167889EE7BC6}.Debug|x86.Build.0 = Debug|Win32
		{8F001C3F-D4A2-4D0F-9400-167889EE7BC6}.Release_lib_s|x64.ActiveCfg = Release|x64
		{8F001C3F-D4A2-4D0F-9400-167889EE7BC6}.Release_lib_s|x64.Build.0 = Release|x64
		{8F001C3F-D4A2-4D0F-9400-167889EE7BC6}.Release_lib_s|x86.ActiveCfg = Release|Win32
		{8F001C3F-D4A2-4D0F-9400-167889EE7BC6}.Release_lib_s|x86.Build.0 = Release|Win32
		{8F001C3F-D4A2-4D0F-9400-167889EE7BC6}.Release|x64.ActiveCfg = Release|x64
		{8F001C3F-D4A2-4D0F-9400-167889EE7BC6}.Release|x64.Build.0 = Release|x64
		{8F001C3F-D4A2-4D0F-9400-167889EE7BC6}.Release|x86.ActiveCfg = Release|Win32
		{8F001C3F-D4A2-4D0F-9400-167889EE7BC6}.Release|x86.Build.0 = Release|Win32
	EndGlobalSection
	GlobalSection(SolutionProperties) = preSolution
		HideSolutionNode = FALSE
	EndGlobalSection
	GlobalSection(NestedProjects) = preSolution
		{C1BB3690-B29C-3392-41CA-B813FA11A1F6} = {C5E07844-3C91-49AA-B4E5-2C870C13B2A6}
		{B8E91F65-5E6E-4013-AD6F-DAF3E4319400} = {C5E07844-3C91-49AA-B4E5-2C870C13B2A6}
		{B3DE8DD2-5EF3-4768-96D7-24320E9CD01E} = {C5E07844-3C91-49AA-B4E5-2C870C13B2A6}
		{E9B5E033-06D4-4DCA-8DDD-38618BF9A1EC} = {76805098-9291-4A9F-A9CD-3CEE37FE6421}
		{E2648F09-0196-4B06-880D-FE72EB28D10E} = {76805098-9291-4A9F-A9CD-3CEE37FE6421}
		{63824224-277F-4ADF-B019-D75760971B6C} = {76805098-9291-4A9F-A9CD-3CEE37FE6421}
		{1A6F6134-F3EE-46C4-BA93-41E7EE6A0759} = {589CE566-E978-475B-BA7D-067F130A5994}
		{E3591D36-04AF-43A3-B7A3-4C43B6FDFA1B} = {589CE566-E978-475B-BA7D-067F130A5994}
		{ABB49283-9E46-429D-94CD-157DF0CBF5D7} = {589CE566-E978-475B-BA7D-067F130A5994}
		{2D01D41F-0288-4590-8028-91907B89731B} = {589CE566-E978-475B-BA7D-067F130A5994}
		{8F001C3F-D4A2-4D0F-9400-167889EE7BC6} = {589CE566-E978-475B-BA7D-067F130A5994}
	EndGlobalSection
	GlobalSection(ExtensibilityGlobals) = postSolution
		SolutionGuid = {20CCB669-8D71-4E33-B81D-B43A1BD8E192}
	EndGlobalSection
EndGlobal
