
Microsoft Visual Studio Solution File, Format Version 10.00
# Visual Studio 2008
Project("{8BC9CEB8-8B4A-11D0-8D11-00A0C91BC942}") = "tree", "tree.vcproj", "{C69F5E07-DD3A-40AE-89E0-1E452A761A83}"
EndProject
Global
	GlobalSection(DPCodeReviewSolutionGUID) = preSolution
		DPCodeReviewSolutionGUID = {00000000-0000-0000-0000-000000000000}
	EndGlobalSection
	GlobalSection(SourceCodeControl) = preSolution
		SccNumberOfProjects = 2
		SccProjectName0 = tree
		SccLocalPath0 = .
		SccProvider0 = MSSCCI:ClearCase
		CanCheckoutShared = true
		SccProjectUniqueName1 = tree.vcproj
		SccLocalPath1 = .
		CanCheckoutShared = true
	EndGlobalSection
	GlobalSection(SolutionConfigurationPlatforms) = preSolution
		Debug|Win32 = Debug|Win32
		Release|Win32 = Release|Win32
	EndGlobalSection
	GlobalSection(ProjectConfigurationPlatforms) = postSolution
		{C69F5E07-DD3A-40AE-89E0-1E452A761A83}.Debug|Win32.ActiveCfg = Debug|Win32
		{C69F5E07-DD3A-40AE-89E0-1E452A761A83}.Debug|Win32.Build.0 = Debug|Win32
		{C69F5E07-DD3A-40AE-89E0-1E452A761A83}.Release|Win32.ActiveCfg = Release|Win32
		{C69F5E07-DD3A-40AE-89E0-1E452A761A83}.Release|Win32.Build.0 = Release|Win32
	EndGlobalSection
	GlobalSection(SolutionProperties) = preSolution
		HideSolutionNode = FALSE
	EndGlobalSection
EndGlobal
