
Microsoft Visual Studio Solution File, Format Version 12.00
# Visual Studio Version 16
VisualStudioVersion = 16.0.31205.134
MinimumVisualStudioVersion = 10.0.40219.1
Project("{8BC9CEB8-8B4A-11D0-8D11-00A0C91BC942}") = "Allocation", "Allocation.vcxproj", "{CAEC1625-39A7-4584-8EAB-9A0E5DF8EA9F}"
EndProject
Global
	GlobalSection(SolutionConfigurationPlatforms) = preSolution
		Debug|x64 = Debug|x64
		Debug|x86 = Debug|x86
		Release|x64 = Release|x64
		Release|x86 = Release|x86
	EndGlobalSection
	GlobalSection(ProjectConfigurationPlatforms) = postSolution
		{CAEC1625-39A7-4584-8EAB-9A0E5DF8EA9F}.Debug|x64.ActiveCfg = Debug|x64
		{CAEC1625-39A7-4584-8EAB-9A0E5DF8EA9F}.Debug|x64.Build.0 = Debug|x64
		{CAEC1625-39A7-4584-8EAB-9A0E5DF8EA9F}.Debug|x86.ActiveCfg = Debug|Win32
		{CAEC1625-39A7-4584-8EAB-9A0E5DF8EA9F}.Debug|x86.Build.0 = Debug|Win32
		{CAEC1625-39A7-4584-8EAB-9A0E5DF8EA9F}.Release|x64.ActiveCfg = Release|x64
		{CAEC1625-39A7-4584-8EAB-9A0E5DF8EA9F}.Release|x64.Build.0 = Release|x64
		{CAEC1625-39A7-4584-8EAB-9A0E5DF8EA9F}.Release|x86.ActiveCfg = Release|Win32
		{CAEC1625-39A7-4584-8EAB-9A0E5DF8EA9F}.Release|x86.Build.0 = Release|Win32
	EndGlobalSection
	GlobalSection(SolutionProperties) = preSolution
		HideSolutionNode = FALSE
	EndGlobalSection
	GlobalSection(ExtensibilityGlobals) = postSolution
		SolutionGuid = {1759D40C-CA88-4D82-9867-D154D40CFCD5}
	EndGlobalSection
EndGlobal
