
Microsoft Visual Studio Solution File, Format Version 9.00
# Visual Studio 2005
Project("{8BC9CEB8-8B4A-11D0-8D11-00A0C91BC942}") = "plugin", "plugin.vcproj", "{92CC6EEE-C36B-45F0-B8BD-6D4E4B2003DC}"
	ProjectSection(ProjectDependencies) = postProject
		{98CC3546-D050-410F-89D7-B293B26827E8} = {98CC3546-D050-410F-89D7-B293B26827E8}
	EndProjectSection
EndProject
Project("{8BC9CEB8-8B4A-11D0-8D11-00A0C91BC942}") = "plugin_dll", "plugin_dll.vcproj", "{98CC3546-D050-410F-89D7-B293B26827E8}"
EndProject
Global
	GlobalSection(DPCodeReviewSolutionGUID) = preSolution
		DPCodeReviewSolutionGUID = {00000000-0000-0000-0000-000000000000}
	EndGlobalSection
	GlobalSection(SourceCodeControl) = preSolution
		SccNumberOfProjects = 3
		SccProjectUniqueName0 = plugin.vcproj
		SccLocalPath0 = .
		CanCheckoutShared = true
		SccProjectUniqueName1 = plugin_dll.vcproj
		SccProjectName1 = plugin_dll
		SccLocalPath1 = .
		CanCheckoutShared = true
		SccProjectName2 = plugin
		SccLocalPath2 = .
		SccProvider2 = MSSCCI:ClearCase
		CanCheckoutShared = true
	EndGlobalSection
	GlobalSection(SolutionConfigurationPlatforms) = preSolution
		Debug|Win32 = Debug|Win32
		Release|Win32 = Release|Win32
	EndGlobalSection
	GlobalSection(ProjectConfigurationPlatforms) = postSolution
		{92CC6EEE-C36B-45F0-B8BD-6D4E4B2003DC}.Debug|Win32.ActiveCfg = Debug|Win32
		{92CC6EEE-C36B-45F0-B8BD-6D4E4B2003DC}.Debug|Win32.Build.0 = Debug|Win32
		{92CC6EEE-C36B-45F0-B8BD-6D4E4B2003DC}.Release|Win32.ActiveCfg = Release|Win32
		{92CC6EEE-C36B-45F0-B8BD-6D4E4B2003DC}.Release|Win32.Build.0 = Release|Win32
		{98CC3546-D050-410F-89D7-B293B26827E8}.Debug|Win32.ActiveCfg = Debug|Win32
		{98CC3546-D050-410F-89D7-B293B26827E8}.Debug|Win32.Build.0 = Debug|Win32
		{98CC3546-D050-410F-89D7-B293B26827E8}.Release|Win32.ActiveCfg = Release|Win32
		{98CC3546-D050-410F-89D7-B293B26827E8}.Release|Win32.Build.0 = Release|Win32
	EndGlobalSection
	GlobalSection(SolutionProperties) = preSolution
		HideSolutionNode = FALSE
	EndGlobalSection
EndGlobal
