
Microsoft Visual Studio Solution File, Format Version 12.00
# Visual Studio Version 17
VisualStudioVersion = 17.8.34511.84
MinimumVisualStudioVersion = 10.0.40219.1
Project("{2150E333-8FDC-42A3-9474-1A3956D46DE8}") = "GizmoBase", "GizmoBase", "{55835FE2-AB63-4FD5-BE80-44FDC51A227C}"
EndProject
Project("{8BC9CEB8-8B4A-11D0-8D11-00A0C91BC942}") = "zlib", "..\..\ws\vs17_linux\GizmoBase\zlib\zlib.linux.vcxproj", "{0D761B32-5C88-4191-AD53-DBE7498B8194}"
EndProject
Project("{8BC9CEB8-8B4A-11D0-8D11-00A0C91BC942}") = "minizip", "..\..\ws\vs17_linux\GizmoBase\minizip\minizip.linux.vcxproj", "{A823E245-D518-409E-A012-317DAEE4AE76}"
	ProjectSection(ProjectDependencies) = postProject
		{0D761B32-5C88-4191-AD53-DBE7498B8194} = {0D761B32-5C88-4191-AD53-DBE7498B8194}
	EndProjectSection
EndProject
Project("{8BC9CEB8-8B4A-11D0-8D11-00A0C91BC942}") = "gzBase", "..\..\ws\vs17_linux\GizmoBase\gzBase\gzBase.linux.vcxproj", "{5169C721-22F6-410D-924B-557602D67BB2}"
EndProject
Project("{8BC9CEB8-8B4A-11D0-8D11-00A0C91BC942}") = "PurlServer", "PurlServer_linux\PurlServer.vcxproj", "{31ABFBF7-8A20-44D6-9339-286777D72B63}"
	ProjectSection(ProjectDependencies) = postProject
		{A21C9C0B-31AB-4908-9DBB-AA59216AF325} = {A21C9C0B-31AB-4908-9DBB-AA59216AF325}
	EndProjectSection
EndProject
Project("{2150E333-8FDC-42A3-9474-1A3956D46DE8}") = "Plugins", "Plugins", "{B48AB7E0-A689-4242-A01C-5E68562A9C3B}"
EndProject
Project("{8BC9CEB8-8B4A-11D0-8D11-00A0C91BC942}") = "gzAltitude", "..\..\..\plugins\gzAltitude\ws\vs17_linux\gzAltitude\gzAltitude.linux.vcxproj", "{A21C9C0B-31AB-4908-9DBB-AA59216AF325}"
EndProject
Project("{8BC9CEB8-8B4A-11D0-8D11-00A0C91BC942}") = "gzCoordinate", "..\..\..\plugins\gzCoordinate\ws\vs17_linux\gzCoordinate\gzCoordinate.linux.vcxproj", "{6A12AAE8-6154-40DE-B94E-0054A7BCE5EE}"
EndProject
Project("{2150E333-8FDC-42A3-9474-1A3956D46DE8}") = "Gizmo3D", "Gizmo3D", "{B5540495-1BFE-4E1B-8F64-77417B4EAA4E}"
EndProject
Project("{8BC9CEB8-8B4A-11D0-8D11-00A0C91BC942}") = "gzGraph", "..\..\..\Gizmo3D\ws\vs17_linux\Gizmo3D\gzGraph\gzGraph.linux.vcxproj", "{97D1D766-FCF0-4256-96B4-D8AEA89FFB68}"
EndProject
Project("{8BC9CEB8-8B4A-11D0-8D11-00A0C91BC942}") = "gzImage", "..\..\..\Gizmo3D\ws\vs17_linux\Gizmo3D\gzImage\gzImage.linux.vcxproj", "{E185C839-FDC0-4891-B3C7-72C0254AB629}"
EndProject
Project("{8BC9CEB8-8B4A-11D0-8D11-00A0C91BC942}") = "gzDb", "..\..\..\Gizmo3D\ws\vs17_linux\Gizmo3D\gzDB\gzDB.linux.vcxproj", "{65031AFF-4B23-4576-BE90-D04A78AAEE29}"
EndProject
Global
	GlobalSection(SolutionConfigurationPlatforms) = preSolution
		Debug|ARM = Debug|ARM
		Debug|ARM64 = Debug|ARM64
		Debug|x64 = Debug|x64
		Debug|x86 = Debug|x86
		Release|ARM = Release|ARM
		Release|ARM64 = Release|ARM64
		Release|x64 = Release|x64
		Release|x86 = Release|x86
	EndGlobalSection
	GlobalSection(ProjectConfigurationPlatforms) = postSolution
		{0D761B32-5C88-4191-AD53-DBE7498B8194}.Debug|ARM.ActiveCfg = Debug|ARM
		{0D761B32-5C88-4191-AD53-DBE7498B8194}.Debug|ARM.Build.0 = Debug|ARM
		{0D761B32-5C88-4191-AD53-DBE7498B8194}.Debug|ARM.Deploy.0 = Debug|ARM
		{0D761B32-5C88-4191-AD53-DBE7498B8194}.Debug|ARM64.ActiveCfg = Debug|ARM64
		{0D761B32-5C88-4191-AD53-DBE7498B8194}.Debug|ARM64.Build.0 = Debug|ARM64
		{0D761B32-5C88-4191-AD53-DBE7498B8194}.Debug|ARM64.Deploy.0 = Debug|ARM64
		{0D761B32-5C88-4191-AD53-DBE7498B8194}.Debug|x64.ActiveCfg = Debug|x64
		{0D761B32-5C88-4191-AD53-DBE7498B8194}.Debug|x64.Build.0 = Debug|x64
		{0D761B32-5C88-4191-AD53-DBE7498B8194}.Debug|x64.Deploy.0 = Debug|x64
		{0D761B32-5C88-4191-AD53-DBE7498B8194}.Debug|x86.ActiveCfg = Debug|x86
		{0D761B32-5C88-4191-AD53-DBE7498B8194}.Debug|x86.Build.0 = Debug|x86
		{0D761B32-5C88-4191-AD53-DBE7498B8194}.Debug|x86.Deploy.0 = Debug|x86
		{0D761B32-5C88-4191-AD53-DBE7498B8194}.Release|ARM.ActiveCfg = Release|ARM
		{0D761B32-5C88-4191-AD53-DBE7498B8194}.Release|ARM.Build.0 = Release|ARM
		{0D761B32-5C88-4191-AD53-DBE7498B8194}.Release|ARM.Deploy.0 = Release|ARM
		{0D761B32-5C88-4191-AD53-DBE7498B8194}.Release|ARM64.ActiveCfg = Release|ARM64
		{0D761B32-5C88-4191-AD53-DBE7498B8194}.Release|ARM64.Build.0 = Release|ARM64
		{0D761B32-5C88-4191-AD53-DBE7498B8194}.Release|ARM64.Deploy.0 = Release|ARM64
		{0D761B32-5C88-4191-AD53-DBE7498B8194}.Release|x64.ActiveCfg = Release|x64
		{0D761B32-5C88-4191-AD53-DBE7498B8194}.Release|x64.Build.0 = Release|x64
		{0D761B32-5C88-4191-AD53-DBE7498B8194}.Release|x64.Deploy.0 = Release|x64
		{0D761B32-5C88-4191-AD53-DBE7498B8194}.Release|x86.ActiveCfg = Release|x86
		{0D761B32-5C88-4191-AD53-DBE7498B8194}.Release|x86.Build.0 = Release|x86
		{0D761B32-5C88-4191-AD53-DBE7498B8194}.Release|x86.Deploy.0 = Release|x86
		{A823E245-D518-409E-A012-317DAEE4AE76}.Debug|ARM.ActiveCfg = Debug|ARM
		{A823E245-D518-409E-A012-317DAEE4AE76}.Debug|ARM.Build.0 = Debug|ARM
		{A823E245-D518-409E-A012-317DAEE4AE76}.Debug|ARM.Deploy.0 = Debug|ARM
		{A823E245-D518-409E-A012-317DAEE4AE76}.Debug|ARM64.ActiveCfg = Debug|ARM64
		{A823E245-D518-409E-A012-317DAEE4AE76}.Debug|ARM64.Build.0 = Debug|ARM64
		{A823E245-D518-409E-A012-317DAEE4AE76}.Debug|ARM64.Deploy.0 = Debug|ARM64
		{A823E245-D518-409E-A012-317DAEE4AE76}.Debug|x64.ActiveCfg = Debug|x64
		{A823E245-D518-409E-A012-317DAEE4AE76}.Debug|x64.Build.0 = Debug|x64
		{A823E245-D518-409E-A012-317DAEE4AE76}.Debug|x64.Deploy.0 = Debug|x64
		{A823E245-D518-409E-A012-317DAEE4AE76}.Debug|x86.ActiveCfg = Debug|x86
		{A823E245-D518-409E-A012-317DAEE4AE76}.Debug|x86.Build.0 = Debug|x86
		{A823E245-D518-409E-A012-317DAEE4AE76}.Debug|x86.Deploy.0 = Debug|x86
		{A823E245-D518-409E-A012-317DAEE4AE76}.Release|ARM.ActiveCfg = Release|ARM
		{A823E245-D518-409E-A012-317DAEE4AE76}.Release|ARM.Build.0 = Release|ARM
		{A823E245-D518-409E-A012-317DAEE4AE76}.Release|ARM.Deploy.0 = Release|ARM
		{A823E245-D518-409E-A012-317DAEE4AE76}.Release|ARM64.ActiveCfg = Release|ARM64
		{A823E245-D518-409E-A012-317DAEE4AE76}.Release|ARM64.Build.0 = Release|ARM64
		{A823E245-D518-409E-A012-317DAEE4AE76}.Release|ARM64.Deploy.0 = Release|ARM64
		{A823E245-D518-409E-A012-317DAEE4AE76}.Release|x64.ActiveCfg = Release|x64
		{A823E245-D518-409E-A012-317DAEE4AE76}.Release|x64.Build.0 = Release|x64
		{A823E245-D518-409E-A012-317DAEE4AE76}.Release|x64.Deploy.0 = Release|x64
		{A823E245-D518-409E-A012-317DAEE4AE76}.Release|x86.ActiveCfg = Release|x86
		{A823E245-D518-409E-A012-317DAEE4AE76}.Release|x86.Build.0 = Release|x86
		{A823E245-D518-409E-A012-317DAEE4AE76}.Release|x86.Deploy.0 = Release|x86
		{5169C721-22F6-410D-924B-557602D67BB2}.Debug|ARM.ActiveCfg = Debug|ARM
		{5169C721-22F6-410D-924B-557602D67BB2}.Debug|ARM.Build.0 = Debug|ARM
		{5169C721-22F6-410D-924B-557602D67BB2}.Debug|ARM.Deploy.0 = Debug|ARM
		{5169C721-22F6-410D-924B-557602D67BB2}.Debug|ARM64.ActiveCfg = Debug|ARM64
		{5169C721-22F6-410D-924B-557602D67BB2}.Debug|ARM64.Build.0 = Debug|ARM64
		{5169C721-22F6-410D-924B-557602D67BB2}.Debug|ARM64.Deploy.0 = Debug|ARM64
		{5169C721-22F6-410D-924B-557602D67BB2}.Debug|x64.ActiveCfg = Debug|x64
		{5169C721-22F6-410D-924B-557602D67BB2}.Debug|x64.Build.0 = Debug|x64
		{5169C721-22F6-410D-924B-557602D67BB2}.Debug|x64.Deploy.0 = Debug|x64
		{5169C721-22F6-410D-924B-557602D67BB2}.Debug|x86.ActiveCfg = Debug|x86
		{5169C721-22F6-410D-924B-557602D67BB2}.Debug|x86.Build.0 = Debug|x86
		{5169C721-22F6-410D-924B-557602D67BB2}.Debug|x86.Deploy.0 = Debug|x86
		{5169C721-22F6-410D-924B-557602D67BB2}.Release|ARM.ActiveCfg = Release|ARM
		{5169C721-22F6-410D-924B-557602D67BB2}.Release|ARM.Build.0 = Release|ARM
		{5169C721-22F6-410D-924B-557602D67BB2}.Release|ARM.Deploy.0 = Release|ARM
		{5169C721-22F6-410D-924B-557602D67BB2}.Release|ARM64.ActiveCfg = Release|ARM64
		{5169C721-22F6-410D-924B-557602D67BB2}.Release|ARM64.Build.0 = Release|ARM64
		{5169C721-22F6-410D-924B-557602D67BB2}.Release|ARM64.Deploy.0 = Release|ARM64
		{5169C721-22F6-410D-924B-557602D67BB2}.Release|x64.ActiveCfg = Release|x64
		{5169C721-22F6-410D-924B-557602D67BB2}.Release|x64.Build.0 = Release|x64
		{5169C721-22F6-410D-924B-557602D67BB2}.Release|x64.Deploy.0 = Release|x64
		{5169C721-22F6-410D-924B-557602D67BB2}.Release|x86.ActiveCfg = Release|x86
		{5169C721-22F6-410D-924B-557602D67BB2}.Release|x86.Build.0 = Release|x86
		{5169C721-22F6-410D-924B-557602D67BB2}.Release|x86.Deploy.0 = Release|x86
		{31ABFBF7-8A20-44D6-9339-286777D72B63}.Debug|ARM.ActiveCfg = Debug|ARM
		{31ABFBF7-8A20-44D6-9339-286777D72B63}.Debug|ARM.Build.0 = Debug|ARM
		{31ABFBF7-8A20-44D6-9339-286777D72B63}.Debug|ARM.Deploy.0 = Debug|ARM
		{31ABFBF7-8A20-44D6-9339-286777D72B63}.Debug|ARM64.ActiveCfg = Debug|ARM64
		{31ABFBF7-8A20-44D6-9339-286777D72B63}.Debug|ARM64.Build.0 = Debug|ARM64
		{31ABFBF7-8A20-44D6-9339-286777D72B63}.Debug|ARM64.Deploy.0 = Debug|ARM64
		{31ABFBF7-8A20-44D6-9339-286777D72B63}.Debug|x64.ActiveCfg = Debug|x64
		{31ABFBF7-8A20-44D6-9339-286777D72B63}.Debug|x64.Build.0 = Debug|x64
		{31ABFBF7-8A20-44D6-9339-286777D72B63}.Debug|x64.Deploy.0 = Debug|x64
		{31ABFBF7-8A20-44D6-9339-286777D72B63}.Debug|x86.ActiveCfg = Debug|x86
		{31ABFBF7-8A20-44D6-9339-286777D72B63}.Debug|x86.Build.0 = Debug|x86
		{31ABFBF7-8A20-44D6-9339-286777D72B63}.Debug|x86.Deploy.0 = Debug|x86
		{31ABFBF7-8A20-44D6-9339-286777D72B63}.Release|ARM.ActiveCfg = Release|ARM
		{31ABFBF7-8A20-44D6-9339-286777D72B63}.Release|ARM.Build.0 = Release|ARM
		{31ABFBF7-8A20-44D6-9339-286777D72B63}.Release|ARM.Deploy.0 = Release|ARM
		{31ABFBF7-8A20-44D6-9339-286777D72B63}.Release|ARM64.ActiveCfg = Release|ARM64
		{31ABFBF7-8A20-44D6-9339-286777D72B63}.Release|ARM64.Build.0 = Release|ARM64
		{31ABFBF7-8A20-44D6-9339-286777D72B63}.Release|ARM64.Deploy.0 = Release|ARM64
		{31ABFBF7-8A20-44D6-9339-286777D72B63}.Release|x64.ActiveCfg = Release|x64
		{31ABFBF7-8A20-44D6-9339-286777D72B63}.Release|x64.Build.0 = Release|x64
		{31ABFBF7-8A20-44D6-9339-286777D72B63}.Release|x64.Deploy.0 = Release|x64
		{31ABFBF7-8A20-44D6-9339-286777D72B63}.Release|x86.ActiveCfg = Release|x86
		{31ABFBF7-8A20-44D6-9339-286777D72B63}.Release|x86.Build.0 = Release|x86
		{31ABFBF7-8A20-44D6-9339-286777D72B63}.Release|x86.Deploy.0 = Release|x86
		{A21C9C0B-31AB-4908-9DBB-AA59216AF325}.Debug|ARM.ActiveCfg = Debug|ARM
		{A21C9C0B-31AB-4908-9DBB-AA59216AF325}.Debug|ARM.Build.0 = Debug|ARM
		{A21C9C0B-31AB-4908-9DBB-AA59216AF325}.Debug|ARM.Deploy.0 = Debug|ARM
		{A21C9C0B-31AB-4908-9DBB-AA59216AF325}.Debug|ARM64.ActiveCfg = Debug|ARM64
		{A21C9C0B-31AB-4908-9DBB-AA59216AF325}.Debug|ARM64.Build.0 = Debug|ARM64
		{A21C9C0B-31AB-4908-9DBB-AA59216AF325}.Debug|ARM64.Deploy.0 = Debug|ARM64
		{A21C9C0B-31AB-4908-9DBB-AA59216AF325}.Debug|x64.ActiveCfg = Debug|x64
		{A21C9C0B-31AB-4908-9DBB-AA59216AF325}.Debug|x64.Build.0 = Debug|x64
		{A21C9C0B-31AB-4908-9DBB-AA59216AF325}.Debug|x64.Deploy.0 = Debug|x64
		{A21C9C0B-31AB-4908-9DBB-AA59216AF325}.Debug|x86.ActiveCfg = Debug|x86
		{A21C9C0B-31AB-4908-9DBB-AA59216AF325}.Debug|x86.Build.0 = Debug|x86
		{A21C9C0B-31AB-4908-9DBB-AA59216AF325}.Debug|x86.Deploy.0 = Debug|x86
		{A21C9C0B-31AB-4908-9DBB-AA59216AF325}.Release|ARM.ActiveCfg = Release|ARM
		{A21C9C0B-31AB-4908-9DBB-AA59216AF325}.Release|ARM.Build.0 = Release|ARM
		{A21C9C0B-31AB-4908-9DBB-AA59216AF325}.Release|ARM.Deploy.0 = Release|ARM
		{A21C9C0B-31AB-4908-9DBB-AA59216AF325}.Release|ARM64.ActiveCfg = Release|ARM64
		{A21C9C0B-31AB-4908-9DBB-AA59216AF325}.Release|ARM64.Build.0 = Release|ARM64
		{A21C9C0B-31AB-4908-9DBB-AA59216AF325}.Release|ARM64.Deploy.0 = Release|ARM64
		{A21C9C0B-31AB-4908-9DBB-AA59216AF325}.Release|x64.ActiveCfg = Release|x64
		{A21C9C0B-31AB-4908-9DBB-AA59216AF325}.Release|x64.Build.0 = Release|x64
		{A21C9C0B-31AB-4908-9DBB-AA59216AF325}.Release|x64.Deploy.0 = Release|x64
		{A21C9C0B-31AB-4908-9DBB-AA59216AF325}.Release|x86.ActiveCfg = Release|x86
		{A21C9C0B-31AB-4908-9DBB-AA59216AF325}.Release|x86.Build.0 = Release|x86
		{A21C9C0B-31AB-4908-9DBB-AA59216AF325}.Release|x86.Deploy.0 = Release|x86
		{6A12AAE8-6154-40DE-B94E-0054A7BCE5EE}.Debug|ARM.ActiveCfg = Debug|ARM
		{6A12AAE8-6154-40DE-B94E-0054A7BCE5EE}.Debug|ARM.Build.0 = Debug|ARM
		{6A12AAE8-6154-40DE-B94E-0054A7BCE5EE}.Debug|ARM.Deploy.0 = Debug|ARM
		{6A12AAE8-6154-40DE-B94E-0054A7BCE5EE}.Debug|ARM64.ActiveCfg = Debug|ARM64
		{6A12AAE8-6154-40DE-B94E-0054A7BCE5EE}.Debug|ARM64.Build.0 = Debug|ARM64
		{6A12AAE8-6154-40DE-B94E-0054A7BCE5EE}.Debug|ARM64.Deploy.0 = Debug|ARM64
		{6A12AAE8-6154-40DE-B94E-0054A7BCE5EE}.Debug|x64.ActiveCfg = Debug|x64
		{6A12AAE8-6154-40DE-B94E-0054A7BCE5EE}.Debug|x64.Build.0 = Debug|x64
		{6A12AAE8-6154-40DE-B94E-0054A7BCE5EE}.Debug|x64.Deploy.0 = Debug|x64
		{6A12AAE8-6154-40DE-B94E-0054A7BCE5EE}.Debug|x86.ActiveCfg = Debug|x86
		{6A12AAE8-6154-40DE-B94E-0054A7BCE5EE}.Debug|x86.Build.0 = Debug|x86
		{6A12AAE8-6154-40DE-B94E-0054A7BCE5EE}.Debug|x86.Deploy.0 = Debug|x86
		{6A12AAE8-6154-40DE-B94E-0054A7BCE5EE}.Release|ARM.ActiveCfg = Release|ARM
		{6A12AAE8-6154-40DE-B94E-0054A7BCE5EE}.Release|ARM.Build.0 = Release|ARM
		{6A12AAE8-6154-40DE-B94E-0054A7BCE5EE}.Release|ARM.Deploy.0 = Release|ARM
		{6A12AAE8-6154-40DE-B94E-0054A7BCE5EE}.Release|ARM64.ActiveCfg = Release|ARM64
		{6A12AAE8-6154-40DE-B94E-0054A7BCE5EE}.Release|ARM64.Build.0 = Release|ARM64
		{6A12AAE8-6154-40DE-B94E-0054A7BCE5EE}.Release|ARM64.Deploy.0 = Release|ARM64
		{6A12AAE8-6154-40DE-B94E-0054A7BCE5EE}.Release|x64.ActiveCfg = Release|x64
		{6A12AAE8-6154-40DE-B94E-0054A7BCE5EE}.Release|x64.Build.0 = Release|x64
		{6A12AAE8-6154-40DE-B94E-0054A7BCE5EE}.Release|x64.Deploy.0 = Release|x64
		{6A12AAE8-6154-40DE-B94E-0054A7BCE5EE}.Release|x86.ActiveCfg = Release|x86
		{6A12AAE8-6154-40DE-B94E-0054A7BCE5EE}.Release|x86.Build.0 = Release|x86
		{6A12AAE8-6154-40DE-B94E-0054A7BCE5EE}.Release|x86.Deploy.0 = Release|x86
		{97D1D766-FCF0-4256-96B4-D8AEA89FFB68}.Debug|ARM.ActiveCfg = Debug|ARM
		{97D1D766-FCF0-4256-96B4-D8AEA89FFB68}.Debug|ARM.Build.0 = Debug|ARM
		{97D1D766-FCF0-4256-96B4-D8AEA89FFB68}.Debug|ARM.Deploy.0 = Debug|ARM
		{97D1D766-FCF0-4256-96B4-D8AEA89FFB68}.Debug|ARM64.ActiveCfg = Debug|ARM64
		{97D1D766-FCF0-4256-96B4-D8AEA89FFB68}.Debug|ARM64.Build.0 = Debug|ARM64
		{97D1D766-FCF0-4256-96B4-D8AEA89FFB68}.Debug|ARM64.Deploy.0 = Debug|ARM64
		{97D1D766-FCF0-4256-96B4-D8AEA89FFB68}.Debug|x64.ActiveCfg = Debug|x64
		{97D1D766-FCF0-4256-96B4-D8AEA89FFB68}.Debug|x64.Build.0 = Debug|x64
		{97D1D766-FCF0-4256-96B4-D8AEA89FFB68}.Debug|x64.Deploy.0 = Debug|x64
		{97D1D766-FCF0-4256-96B4-D8AEA89FFB68}.Debug|x86.ActiveCfg = Debug|x86
		{97D1D766-FCF0-4256-96B4-D8AEA89FFB68}.Debug|x86.Build.0 = Debug|x86
		{97D1D766-FCF0-4256-96B4-D8AEA89FFB68}.Debug|x86.Deploy.0 = Debug|x86
		{97D1D766-FCF0-4256-96B4-D8AEA89FFB68}.Release|ARM.ActiveCfg = Release|ARM
		{97D1D766-FCF0-4256-96B4-D8AEA89FFB68}.Release|ARM.Build.0 = Release|ARM
		{97D1D766-FCF0-4256-96B4-D8AEA89FFB68}.Release|ARM.Deploy.0 = Release|ARM
		{97D1D766-FCF0-4256-96B4-D8AEA89FFB68}.Release|ARM64.ActiveCfg = Release|ARM64
		{97D1D766-FCF0-4256-96B4-D8AEA89FFB68}.Release|ARM64.Build.0 = Release|ARM64
		{97D1D766-FCF0-4256-96B4-D8AEA89FFB68}.Release|ARM64.Deploy.0 = Release|ARM64
		{97D1D766-FCF0-4256-96B4-D8AEA89FFB68}.Release|x64.ActiveCfg = Release|x64
		{97D1D766-FCF0-4256-96B4-D8AEA89FFB68}.Release|x64.Build.0 = Release|x64
		{97D1D766-FCF0-4256-96B4-D8AEA89FFB68}.Release|x64.Deploy.0 = Release|x64
		{97D1D766-FCF0-4256-96B4-D8AEA89FFB68}.Release|x86.ActiveCfg = Release|x86
		{97D1D766-FCF0-4256-96B4-D8AEA89FFB68}.Release|x86.Build.0 = Release|x86
		{97D1D766-FCF0-4256-96B4-D8AEA89FFB68}.Release|x86.Deploy.0 = Release|x86
		{E185C839-FDC0-4891-B3C7-72C0254AB629}.Debug|ARM.ActiveCfg = Debug|ARM
		{E185C839-FDC0-4891-B3C7-72C0254AB629}.Debug|ARM.Build.0 = Debug|ARM
		{E185C839-FDC0-4891-B3C7-72C0254AB629}.Debug|ARM.Deploy.0 = Debug|ARM
		{E185C839-FDC0-4891-B3C7-72C0254AB629}.Debug|ARM64.ActiveCfg = Debug|ARM64
		{E185C839-FDC0-4891-B3C7-72C0254AB629}.Debug|ARM64.Build.0 = Debug|ARM64
		{E185C839-FDC0-4891-B3C7-72C0254AB629}.Debug|ARM64.Deploy.0 = Debug|ARM64
		{E185C839-FDC0-4891-B3C7-72C0254AB629}.Debug|x64.ActiveCfg = Debug|x64
		{E185C839-FDC0-4891-B3C7-72C0254AB629}.Debug|x64.Build.0 = Debug|x64
		{E185C839-FDC0-4891-B3C7-72C0254AB629}.Debug|x64.Deploy.0 = Debug|x64
		{E185C839-FDC0-4891-B3C7-72C0254AB629}.Debug|x86.ActiveCfg = Debug|x86
		{E185C839-FDC0-4891-B3C7-72C0254AB629}.Debug|x86.Build.0 = Debug|x86
		{E185C839-FDC0-4891-B3C7-72C0254AB629}.Debug|x86.Deploy.0 = Debug|x86
		{E185C839-FDC0-4891-B3C7-72C0254AB629}.Release|ARM.ActiveCfg = Release|ARM
		{E185C839-FDC0-4891-B3C7-72C0254AB629}.Release|ARM.Build.0 = Release|ARM
		{E185C839-FDC0-4891-B3C7-72C0254AB629}.Release|ARM.Deploy.0 = Release|ARM
		{E185C839-FDC0-4891-B3C7-72C0254AB629}.Release|ARM64.ActiveCfg = Release|ARM64
		{E185C839-FDC0-4891-B3C7-72C0254AB629}.Release|ARM64.Build.0 = Release|ARM64
		{E185C839-FDC0-4891-B3C7-72C0254AB629}.Release|ARM64.Deploy.0 = Release|ARM64
		{E185C839-FDC0-4891-B3C7-72C0254AB629}.Release|x64.ActiveCfg = Release|x64
		{E185C839-FDC0-4891-B3C7-72C0254AB629}.Release|x64.Build.0 = Release|x64
		{E185C839-FDC0-4891-B3C7-72C0254AB629}.Release|x64.Deploy.0 = Release|x64
		{E185C839-FDC0-4891-B3C7-72C0254AB629}.Release|x86.ActiveCfg = Release|x86
		{E185C839-FDC0-4891-B3C7-72C0254AB629}.Release|x86.Build.0 = Release|x86
		{E185C839-FDC0-4891-B3C7-72C0254AB629}.Release|x86.Deploy.0 = Release|x86
		{65031AFF-4B23-4576-BE90-D04A78AAEE29}.Debug|ARM.ActiveCfg = Debug|ARM
		{65031AFF-4B23-4576-BE90-D04A78AAEE29}.Debug|ARM.Build.0 = Debug|ARM
		{65031AFF-4B23-4576-BE90-D04A78AAEE29}.Debug|ARM.Deploy.0 = Debug|ARM
		{65031AFF-4B23-4576-BE90-D04A78AAEE29}.Debug|ARM64.ActiveCfg = Debug|ARM64
		{65031AFF-4B23-4576-BE90-D04A78AAEE29}.Debug|ARM64.Build.0 = Debug|ARM64
		{65031AFF-4B23-4576-BE90-D04A78AAEE29}.Debug|ARM64.Deploy.0 = Debug|ARM64
		{65031AFF-4B23-4576-BE90-D04A78AAEE29}.Debug|x64.ActiveCfg = Debug|x64
		{65031AFF-4B23-4576-BE90-D04A78AAEE29}.Debug|x64.Build.0 = Debug|x64
		{65031AFF-4B23-4576-BE90-D04A78AAEE29}.Debug|x64.Deploy.0 = Debug|x64
		{65031AFF-4B23-4576-BE90-D04A78AAEE29}.Debug|x86.ActiveCfg = Debug|x86
		{65031AFF-4B23-4576-BE90-D04A78AAEE29}.Debug|x86.Build.0 = Debug|x86
		{65031AFF-4B23-4576-BE90-D04A78AAEE29}.Debug|x86.Deploy.0 = Debug|x86
		{65031AFF-4B23-4576-BE90-D04A78AAEE29}.Release|ARM.ActiveCfg = Release|ARM
		{65031AFF-4B23-4576-BE90-D04A78AAEE29}.Release|ARM.Build.0 = Release|ARM
		{65031AFF-4B23-4576-BE90-D04A78AAEE29}.Release|ARM.Deploy.0 = Release|ARM
		{65031AFF-4B23-4576-BE90-D04A78AAEE29}.Release|ARM64.ActiveCfg = Release|ARM64
		{65031AFF-4B23-4576-BE90-D04A78AAEE29}.Release|ARM64.Build.0 = Release|ARM64
		{65031AFF-4B23-4576-BE90-D04A78AAEE29}.Release|ARM64.Deploy.0 = Release|ARM64
		{65031AFF-4B23-4576-BE90-D04A78AAEE29}.Release|x64.ActiveCfg = Release|x64
		{65031AFF-4B23-4576-BE90-D04A78AAEE29}.Release|x64.Build.0 = Release|x64
		{65031AFF-4B23-4576-BE90-D04A78AAEE29}.Release|x64.Deploy.0 = Release|x64
		{65031AFF-4B23-4576-BE90-D04A78AAEE29}.Release|x86.ActiveCfg = Release|x86
		{65031AFF-4B23-4576-BE90-D04A78AAEE29}.Release|x86.Build.0 = Release|x86
		{65031AFF-4B23-4576-BE90-D04A78AAEE29}.Release|x86.Deploy.0 = Release|x86
	EndGlobalSection
	GlobalSection(SolutionProperties) = preSolution
		HideSolutionNode = FALSE
	EndGlobalSection
	GlobalSection(NestedProjects) = preSolution
		{0D761B32-5C88-4191-AD53-DBE7498B8194} = {55835FE2-AB63-4FD5-BE80-44FDC51A227C}
		{A823E245-D518-409E-A012-317DAEE4AE76} = {55835FE2-AB63-4FD5-BE80-44FDC51A227C}
		{5169C721-22F6-410D-924B-557602D67BB2} = {55835FE2-AB63-4FD5-BE80-44FDC51A227C}
		{A21C9C0B-31AB-4908-9DBB-AA59216AF325} = {B48AB7E0-A689-4242-A01C-5E68562A9C3B}
		{6A12AAE8-6154-40DE-B94E-0054A7BCE5EE} = {B48AB7E0-A689-4242-A01C-5E68562A9C3B}
		{97D1D766-FCF0-4256-96B4-D8AEA89FFB68} = {B5540495-1BFE-4E1B-8F64-77417B4EAA4E}
		{E185C839-FDC0-4891-B3C7-72C0254AB629} = {B5540495-1BFE-4E1B-8F64-77417B4EAA4E}
		{65031AFF-4B23-4576-BE90-D04A78AAEE29} = {B5540495-1BFE-4E1B-8F64-77417B4EAA4E}
	EndGlobalSection
	GlobalSection(ExtensibilityGlobals) = postSolution
		SolutionGuid = {2999E52B-0485-4C09-AB8E-5410BA820D45}
	EndGlobalSection
EndGlobal
