
Microsoft Visual Studio Solution File, Format Version 10.00
# Visual Studio 2008
Project("{8BC9CEB8-8B4A-11D0-8D11-00A0C91BC942}") = "layers", "layers.vcproj", "{0C98726C-864F-436D-A3B6-65442F055133}"
EndProject
Global
	GlobalSection(SolutionConfigurationPlatforms) = preSolution
		Debug|Win32 = Debug|Win32
		Release|Win32 = Release|Win32
	EndGlobalSection
	GlobalSection(ProjectConfigurationPlatforms) = postSolution
		{0C98726C-864F-436D-A3B6-65442F055133}.Debug|Win32.ActiveCfg = Release|Win32
		{0C98726C-864F-436D-A3B6-65442F055133}.Debug|Win32.Build.0 = Release|Win32
		{0C98726C-864F-436D-A3B6-65442F055133}.Release|Win32.ActiveCfg = Release|Win32
		{0C98726C-864F-436D-A3B6-65442F055133}.Release|Win32.Build.0 = Release|Win32
	EndGlobalSection
	GlobalSection(SolutionProperties) = preSolution
		HideSolutionNode = FALSE
	EndGlobalSection
	GlobalSection(DPCodeReviewSolutionGUID) = preSolution
		DPCodeReviewSolutionGUID = {00000000-0000-0000-0000-000000000000}
	EndGlobalSection
EndGlobal
