
Microsoft Visual Studio Solution File, Format Version 12.00
# Visual Studio Version 17
VisualStudioVersion = 17.8.34511.84
MinimumVisualStudioVersion = 10.0.40219.1
Project("{8BC9CEB8-8B4A-11D0-8D11-00A0C91BC942}") = "syncronize", "syncronize.vcxproj", "{432B3C77-FE60-4D24-826B-74DA6EEBF5BF}"
EndProject
Global
	GlobalSection(SolutionConfigurationPlatforms) = preSolution
		Debug|x64 = Debug|x64
		Debug|x86 = Debug|x86
		Release|x64 = Release|x64
		Release|x86 = Release|x86
	EndGlobalSection
	GlobalSection(ProjectConfigurationPlatforms) = postSolution
		{432B3C77-FE60-4D24-826B-74DA6EEBF5BF}.Debug|x64.ActiveCfg = Debug|x64
		{432B3C77-FE60-4D24-826B-74DA6EEBF5BF}.Debug|x64.Build.0 = Debug|x64
		{432B3C77-FE60-4D24-826B-74DA6EEBF5BF}.Debug|x86.ActiveCfg = Debug|Win32
		{432B3C77-FE60-4D24-826B-74DA6EEBF5BF}.Debug|x86.Build.0 = Debug|Win32
		{432B3C77-FE60-4D24-826B-74DA6EEBF5BF}.Release|x64.ActiveCfg = Release|x64
		{432B3C77-FE60-4D24-826B-74DA6EEBF5BF}.Release|x64.Build.0 = Release|x64
		{432B3C77-FE60-4D24-826B-74DA6EEBF5BF}.Release|x86.ActiveCfg = Release|Win32
		{432B3C77-FE60-4D24-826B-74DA6EEBF5BF}.Release|x86.Build.0 = Release|Win32
	EndGlobalSection
	GlobalSection(SolutionProperties) = preSolution
		HideSolutionNode = FALSE
	EndGlobalSection
	GlobalSection(ExtensibilityGlobals) = postSolution
		SolutionGuid = {75E09FCC-4DE0-4B8F-9D7A-1B6113D67981}
	EndGlobalSection
EndGlobal
