
Microsoft Visual Studio Solution File, Format Version 9.00
# Visual Studio 2005
Project("{8BC9CEB8-8B4A-11D0-8D11-00A0C91BC942}") = "dbviewer", "dbviewer.vcproj", "{DF9BB60C-ABCD-4469-943F-6F977328FEA9}"
EndProject
Global
	GlobalSection(DPCodeReviewSolutionGUID) = preSolution
		DPCodeReviewSolutionGUID = {00000000-0000-0000-0000-000000000000}
	EndGlobalSection
	GlobalSection(SourceCodeControl) = preSolution
		SccNumberOfProjects = 2
		SccProjectName0 = dbviewer
		SccLocalPath0 = .
		SccProvider0 = MSSCCI:ClearCase
		CanCheckoutShared = true
		SccProjectUniqueName1 = dbviewer.vcproj
		SccLocalPath1 = .
		CanCheckoutShared = true
	EndGlobalSection
	GlobalSection(SolutionConfigurationPlatforms) = preSolution
		Debug|Win32 = Debug|Win32
		Release|Win32 = Release|Win32
	EndGlobalSection
	GlobalSection(ProjectConfigurationPlatforms) = postSolution
		{DF9BB60C-ABCD-4469-943F-6F977328FEA9}.Debug|Win32.ActiveCfg = Debug|Win32
		{DF9BB60C-ABCD-4469-943F-6F977328FEA9}.Debug|Win32.Build.0 = Debug|Win32
		{DF9BB60C-ABCD-4469-943F-6F977328FEA9}.Release|Win32.ActiveCfg = Release|Win32
		{DF9BB60C-ABCD-4469-943F-6F977328FEA9}.Release|Win32.Build.0 = Release|Win32
	EndGlobalSection
	GlobalSection(SolutionProperties) = preSolution
		HideSolutionNode = FALSE
	EndGlobalSection
EndGlobal
